// !$*UTF8*$!
{
	archiveVersion = 1;
	classes = {
	};
	objectVersion = 56;
	objects = {

/* Begin PBXBuildFile section */
		A10000000000000000000001 /* StressWatchApp.swift in Sources */ = {isa = PBXBuildFile; fileRef = A20000000000000000000001 /* StressWatchApp.swift */; };
		A10000000000000000000002 /* HealthMetric.swift in Sources */ = {isa = PBXBuildFile; fileRef = A20000000000000000000002 /* HealthMetric.swift */; };
		A10000000000000000000003 /* Baseline.swift in Sources */ = {isa = PBXBuildFile; fileRef = A20000000000000000000003 /* Baseline.swift */; };
		A10000000000000000000004 /* StressScore.swift in Sources */ = {isa = PBXBuildFile; fileRef = A20000000000000000000004 /* StressScore.swift */; };
		A10000000000000000000005 /* RecoveryScore.swift in Sources */ = {isa = PBXBuildFile; fileRef = A20000000000000000000005 /* RecoveryScore.swift */; };
		A10000000000000000000006 /* HealthKitDataProvider.swift in Sources */ = {isa = PBXBuildFile; fileRef = A20000000000000000000006 /* HealthKitDataProvider.swift */; };
		A10000000000000000000007 /* LocalStorageProtocol.swift in Sources */ = {isa = PBXBuildFile; fileRef = A20000000000000000000007 /* LocalStorageProtocol.swift */; };
		A10000000000000000000008 /* HealthKitService.swift in Sources */ = {isa = PBXBuildFile; fileRef = A20000000000000000000008 /* HealthKitService.swift */; };
		A10000000000000000000009 /* MockHealthKitService.swift in Sources */ = {isa = PBXBuildFile; fileRef = A20000000000000000000009 /* MockHealthKitService.swift */; };
		A1000000000000000000000A /* BaselineEngine.swift in Sources */ = {isa = PBXBuildFile; fileRef = A2000000000000000000000A /* BaselineEngine.swift */; };
		A1000000000000000000000B /* StressModel.swift in Sources */ = {isa = PBXBuildFile; fileRef = A2000000000000000000000B /* StressModel.swift */; };
		A1000000000000000000000C /* RecoveryModel.swift in Sources */ = {isa = PBXBuildFile; fileRef = A2000000000000000000000C /* RecoveryModel.swift */; };
		A1000000000000000000000D /* LocalStorage.swift in Sources */ = {isa = PBXBuildFile; fileRef = A2000000000000000000000D /* LocalStorage.swift */; };
		A1000000000000000000000E /* DashboardViewModel.swift in Sources */ = {isa = PBXBuildFile; fileRef = A2000000000000000000000E /* DashboardViewModel.swift */; };
		A1000000000000000000000F /* TrendViewModel.swift in Sources */ = {isa = PBXBuildFile; fileRef = A2000000000000000000000F /* TrendViewModel.swift */; };
		A10000000000000000000010 /* SettingsViewModel.swift in Sources */ = {isa = PBXBuildFile; fileRef = A20000000000000000000010 /* SettingsViewModel.swift */; };
		A10000000000000000000011 /* DashboardView.swift in Sources */ = {isa = PBXBuildFile; fileRef = A20000000000000000000011 /* DashboardView.swift */; };
		A10000000000000000000015 /* TrendView.swift in Sources */ = {isa = PBXBuildFile; fileRef = A20000000000000000000015 /* TrendView.swift */; };
		A10000000000000000000016 /* TrendChart.swift in Sources */ = {isa = PBXBuildFile; fileRef = A20000000000000000000016 /* TrendChart.swift */; };
		A10000000000000000000017 /* MetricDetailView.swift in Sources */ = {isa = PBXBuildFile; fileRef = A20000000000000000000017 /* MetricDetailView.swift */; };
		A10000000000000000000018 /* MetricChart.swift in Sources */ = {isa = PBXBuildFile; fileRef = A20000000000000000000018 /* MetricChart.swift */; };
		A10000000000000000000019 /* SettingsView.swift in Sources */ = {isa = PBXBuildFile; fileRef = A20000000000000000000019 /* SettingsView.swift */; };
		A1000000000000000000001A /* HealthKit.framework in Frameworks */ = {isa = PBXBuildFile; fileRef = A2000000000000000000001A /* HealthKit.framework */; };
		A1000000000000000000001B /* Charts.framework in Frameworks */ = {isa = PBXBuildFile; fileRef = A2000000000000000000001B /* Charts.framework */; };
		A1000000000000000000001C /* MathHelpers.swift in Sources */ = {isa = PBXBuildFile; fileRef = A2000000000000000000001F /* MathHelpers.swift */; };
		A1000000000000000000001D /* DateExtensions.swift in Sources */ = {isa = PBXBuildFile; fileRef = A20000000000000000000020 /* DateExtensions.swift */; };
		A1000000000000000000001E /* GlassCardView.swift in Sources */ = {isa = PBXBuildFile; fileRef = A20000000000000000000021 /* GlassCardView.swift */; };
		A1000000000000000000001F /* LiquidMetricCard.swift in Sources */ = {isa = PBXBuildFile; fileRef = A20000000000000000000022 /* LiquidMetricCard.swift */; };
		A10000000000000000000021 /* GlassSectionHeader.swift in Sources */ = {isa = PBXBuildFile; fileRef = A20000000000000000000024 /* GlassSectionHeader.swift */; };
		A10000000000000000000022 /* DataSourceBadge.swift in Sources */ = {isa = PBXBuildFile; fileRef = A20000000000000000000025 /* DataSourceBadge.swift */; };
		A10000000000000000000023 /* DashboardMetric.swift in Sources */ = {isa = PBXBuildFile; fileRef = A20000000000000000000026 /* DashboardMetric.swift */; };
		A10000000000000000000024 /* DashboardSparklineView.swift in Sources */ = {isa = PBXBuildFile; fileRef = A20000000000000000000027 /* DashboardSparklineView.swift */; };
		A10000000000000000000025 /* DashboardMetricCardView.swift in Sources */ = {isa = PBXBuildFile; fileRef = A20000000000000000000028 /* DashboardMetricCardView.swift */; };
		A10000000000000000000026 /* DashboardTrendChartView.swift in Sources */ = {isa = PBXBuildFile; fileRef = A20000000000000000000029 /* DashboardTrendChartView.swift */; };
		A10000000000000000000027 /* AppColors.swift in Sources */ = {isa = PBXBuildFile; fileRef = A2000000000000000000002A /* AppColors.swift */; };
		A10000000000000000000028 /* AppMotion.swift in Sources */ = {isa = PBXBuildFile; fileRef = A2000000000000000000002B /* AppMotion.swift */; };
		A10000000000000000000029 /* TimeFormatting.swift in Sources */ = {isa = PBXBuildFile; fileRef = A2000000000000000000002C /* TimeFormatting.swift */; };
		A1000000000000000000002A /* Assets.xcassets in Resources */ = {isa = PBXBuildFile; fileRef = A2000000000000000000002D /* Assets.xcassets */; };
		A1000000000000000000002B /* LaunchScreen.storyboard in Resources */ = {isa = PBXBuildFile; fileRef = A2000000000000000000002E /* LaunchScreen.storyboard */; };
		A1000000000000000000002C /* FloatingTabBar.swift in Sources */ = {isa = PBXBuildFile; fileRef = A2000000000000000000002F /* FloatingTabBar.swift */; };
		A1000000000000000000002D /* WellnessAnalysis.swift in Sources */ = {isa = PBXBuildFile; fileRef = A20000000000000000000030 /* WellnessAnalysis.swift */; };
		A1000000000000000000002E /* FeatureExtractor.swift in Sources */ = {isa = PBXBuildFile; fileRef = A20000000000000000000031 /* FeatureExtractor.swift */; };
		A1000000000000000000002F /* WellnessAnalyzer.swift in Sources */ = {isa = PBXBuildFile; fileRef = A20000000000000000000032 /* WellnessAnalyzer.swift */; };
		A10000000000000000000030 /* AdviceGenerator.swift in Sources */ = {isa = PBXBuildFile; fileRef = A20000000000000000000033 /* AdviceGenerator.swift */; };
		A10000000000000000000031 /* AnalysisViewModel.swift in Sources */ = {isa = PBXBuildFile; fileRef = A20000000000000000000034 /* AnalysisViewModel.swift */; };
		A10000000000000000000032 /* AnalysisView.swift in Sources */ = {isa = PBXBuildFile; fileRef = A20000000000000000000035 /* AnalysisView.swift */; };
		A10000000000000000000033 /* DashboardHeroSection.swift in Sources */ = {isa = PBXBuildFile; fileRef = A20000000000000000000036 /* DashboardHeroSection.swift */; };
		A10000000000000000000034 /* DashboardAnalysisEntryCard.swift in Sources */ = {isa = PBXBuildFile; fileRef = A20000000000000000000037 /* DashboardAnalysisEntryCard.swift */; };
		A10000000000000000000035 /* DashboardMetricNavigationCard.swift in Sources */ = {isa = PBXBuildFile; fileRef = A20000000000000000000038 /* DashboardMetricNavigationCard.swift */; };
		A10000000000000000000036 /* DashboardKeySignalsSection.swift in Sources */ = {isa = PBXBuildFile; fileRef = A20000000000000000000039 /* DashboardKeySignalsSection.swift */; };
		A10000000000000000000037 /* DashboardDetailGridSection.swift in Sources */ = {isa = PBXBuildFile; fileRef = A2000000000000000000003A /* DashboardDetailGridSection.swift */; };
		A10000000000000000000038 /* DashboardSleepStagesSection.swift in Sources */ = {isa = PBXBuildFile; fileRef = A2000000000000000000003B /* DashboardSleepStagesSection.swift */; };
		A10000000000000000000039 /* DashboardActivityContextSection.swift in Sources */ = {isa = PBXBuildFile; fileRef = A2000000000000000000003C /* DashboardActivityContextSection.swift */; };
		A1000000000000000000003A /* LiveStressSnapshot.swift in Sources */ = {isa = PBXBuildFile; fileRef = A2000000000000000000003D /* LiveStressSnapshot.swift */; };
		A1000000000000000000003B /* LiveStressEstimator.swift in Sources */ = {isa = PBXBuildFile; fileRef = A2000000000000000000003E /* LiveStressEstimator.swift */; };
		A1000000000000000000003C /* LiveStressCard.swift in Sources */ = {isa = PBXBuildFile; fileRef = A2000000000000000000003F /* LiveStressCard.swift */; };
		A1000000000000000000003D /* DailyWellnessCheckIn.swift in Sources */ = {isa = PBXBuildFile; fileRef = A20000000000000000000040 /* DailyWellnessCheckIn.swift */; };
		A1000000000000000000003E /* CoreMLWellnessAnalyzer.swift in Sources */ = {isa = PBXBuildFile; fileRef = A20000000000000000000041 /* CoreMLWellnessAnalyzer.swift */; };
/* End PBXBuildFile section */

/* Begin PBXFileReference section */
		A20000000000000000000001 /* StressWatchApp.swift */ = {isa = PBXFileReference; lastKnownFileType = sourcecode.swift; path = App/StressWatchApp.swift; sourceTree = "<group>"; };
		A20000000000000000000002 /* HealthMetric.swift */ = {isa = PBXFileReference; lastKnownFileType = sourcecode.swift; path = Core/Models/HealthMetric.swift; sourceTree = "<group>"; };
		A20000000000000000000003 /* Baseline.swift */ = {isa = PBXFileReference; lastKnownFileType = sourcecode.swift; path = Core/Models/Baseline.swift; sourceTree = "<group>"; };
		A20000000000000000000004 /* StressScore.swift */ = {isa = PBXFileReference; lastKnownFileType = sourcecode.swift; path = Core/Models/StressScore.swift; sourceTree = "<group>"; };
		A20000000000000000000005 /* RecoveryScore.swift */ = {isa = PBXFileReference; lastKnownFileType = sourcecode.swift; path = Core/Models/RecoveryScore.swift; sourceTree = "<group>"; };
		A20000000000000000000006 /* HealthKitDataProvider.swift */ = {isa = PBXFileReference; lastKnownFileType = sourcecode.swift; path = Core/HealthKit/HealthKitDataProvider.swift; sourceTree = "<group>"; };
		A20000000000000000000007 /* LocalStorageProtocol.swift */ = {isa = PBXFileReference; lastKnownFileType = sourcecode.swift; path = Core/Storage/LocalStorageProtocol.swift; sourceTree = "<group>"; };
		A20000000000000000000008 /* HealthKitService.swift */ = {isa = PBXFileReference; lastKnownFileType = sourcecode.swift; path = Core/HealthKit/HealthKitService.swift; sourceTree = "<group>"; };
		A20000000000000000000009 /* MockHealthKitService.swift */ = {isa = PBXFileReference; lastKnownFileType = sourcecode.swift; path = Core/HealthKit/MockHealthKitService.swift; sourceTree = "<group>"; };
		A2000000000000000000000A /* BaselineEngine.swift */ = {isa = PBXFileReference; lastKnownFileType = sourcecode.swift; path = Core/Analysis/BaselineEngine.swift; sourceTree = "<group>"; };
		A2000000000000000000000B /* StressModel.swift */ = {isa = PBXFileReference; lastKnownFileType = sourcecode.swift; path = Core/Analysis/StressModel.swift; sourceTree = "<group>"; };
		A2000000000000000000000C /* RecoveryModel.swift */ = {isa = PBXFileReference; lastKnownFileType = sourcecode.swift; path = Core/Analysis/RecoveryModel.swift; sourceTree = "<group>"; };
		A2000000000000000000000D /* LocalStorage.swift */ = {isa = PBXFileReference; lastKnownFileType = sourcecode.swift; path = Core/Storage/LocalStorage.swift; sourceTree = "<group>"; };
		A2000000000000000000000E /* DashboardViewModel.swift */ = {isa = PBXFileReference; lastKnownFileType = sourcecode.swift; path = Features/Dashboard/DashboardViewModel.swift; sourceTree = "<group>"; };
		A2000000000000000000000F /* TrendViewModel.swift */ = {isa = PBXFileReference; lastKnownFileType = sourcecode.swift; path = Features/Trend/TrendViewModel.swift; sourceTree = "<group>"; };
		A20000000000000000000010 /* SettingsViewModel.swift */ = {isa = PBXFileReference; lastKnownFileType = sourcecode.swift; path = Features/Settings/SettingsViewModel.swift; sourceTree = "<group>"; };
		A20000000000000000000011 /* DashboardView.swift */ = {isa = PBXFileReference; lastKnownFileType = sourcecode.swift; path = Features/Dashboard/Views/DashboardView.swift; sourceTree = "<group>"; };
		A20000000000000000000015 /* TrendView.swift */ = {isa = PBXFileReference; lastKnownFileType = sourcecode.swift; path = Features/Trend/Views/TrendView.swift; sourceTree = "<group>"; };
		A20000000000000000000016 /* TrendChart.swift */ = {isa = PBXFileReference; lastKnownFileType = sourcecode.swift; path = Features/Trend/Components/TrendChart.swift; sourceTree = "<group>"; };
		A20000000000000000000017 /* MetricDetailView.swift */ = {isa = PBXFileReference; lastKnownFileType = sourcecode.swift; path = Features/Detail/Views/MetricDetailView.swift; sourceTree = "<group>"; };
		A20000000000000000000018 /* MetricChart.swift */ = {isa = PBXFileReference; lastKnownFileType = sourcecode.swift; path = Shared/Charts/MetricChart.swift; sourceTree = "<group>"; };
		A20000000000000000000019 /* SettingsView.swift */ = {isa = PBXFileReference; lastKnownFileType = sourcecode.swift; path = Features/Settings/Views/SettingsView.swift; sourceTree = "<group>"; };
		A2000000000000000000001A /* HealthKit.framework */ = {isa = PBXFileReference; lastKnownFileType = wrapper.framework; name = HealthKit.framework; path = System/Library/Frameworks/HealthKit.framework; sourceTree = SDKROOT; };
		A2000000000000000000001B /* Charts.framework */ = {isa = PBXFileReference; lastKnownFileType = wrapper.framework; name = Charts.framework; path = System/Library/Frameworks/Charts.framework; sourceTree = SDKROOT; };
		A2000000000000000000001C /* Info.plist */ = {isa = PBXFileReference; lastKnownFileType = text.plist.xml; path = Info.plist; sourceTree = "<group>"; };
		A2000000000000000000001D /* StressWatch.entitlements */ = {isa = PBXFileReference; lastKnownFileType = text.plist.entitlements; path = StressWatch.entitlements; sourceTree = "<group>"; };
		A2000000000000000000001E /* StressWatch.app */ = {isa = PBXFileReference; explicitFileType = wrapper.application; includeInIndex = 0; path = StressWatch.app; sourceTree = BUILT_PRODUCTS_DIR; };
		A2000000000000000000001F /* MathHelpers.swift */ = {isa = PBXFileReference; lastKnownFileType = sourcecode.swift; path = Core/Utils/MathHelpers.swift; sourceTree = "<group>"; };
		A20000000000000000000020 /* DateExtensions.swift */ = {isa = PBXFileReference; lastKnownFileType = sourcecode.swift; path = Core/Extensions/DateExtensions.swift; sourceTree = "<group>"; };
		A20000000000000000000021 /* GlassCardView.swift */ = {isa = PBXFileReference; lastKnownFileType = sourcecode.swift; path = Shared/Glass/GlassCardView.swift; sourceTree = "<group>"; };
		A20000000000000000000022 /* LiquidMetricCard.swift */ = {isa = PBXFileReference; lastKnownFileType = sourcecode.swift; path = Shared/Components/LiquidMetricCard.swift; sourceTree = "<group>"; };
		A20000000000000000000024 /* GlassSectionHeader.swift */ = {isa = PBXFileReference; lastKnownFileType = sourcecode.swift; path = Shared/Components/GlassSectionHeader.swift; sourceTree = "<group>"; };
		A20000000000000000000025 /* DataSourceBadge.swift */ = {isa = PBXFileReference; lastKnownFileType = sourcecode.swift; path = Shared/Components/DataSourceBadge.swift; sourceTree = "<group>"; };
		A20000000000000000000026 /* DashboardMetric.swift */ = {isa = PBXFileReference; lastKnownFileType = sourcecode.swift; path = Features/Dashboard/DashboardMetric.swift; sourceTree = "<group>"; };
		A20000000000000000000027 /* DashboardSparklineView.swift */ = {isa = PBXFileReference; lastKnownFileType = sourcecode.swift; path = Features/Dashboard/Components/DashboardSparklineView.swift; sourceTree = "<group>"; };
		A20000000000000000000028 /* DashboardMetricCardView.swift */ = {isa = PBXFileReference; lastKnownFileType = sourcecode.swift; path = Features/Dashboard/Components/DashboardMetricCardView.swift; sourceTree = "<group>"; };
		A20000000000000000000029 /* DashboardTrendChartView.swift */ = {isa = PBXFileReference; lastKnownFileType = sourcecode.swift; path = Features/Dashboard/Components/DashboardTrendChartView.swift; sourceTree = "<group>"; };
		A2000000000000000000002A /* AppColors.swift */ = {isa = PBXFileReference; lastKnownFileType = sourcecode.swift; path = Shared/Theme/AppColors.swift; sourceTree = "<group>"; };
		A2000000000000000000002B /* AppMotion.swift */ = {isa = PBXFileReference; lastKnownFileType = sourcecode.swift; path = Shared/Motion/AppMotion.swift; sourceTree = "<group>"; };
		A2000000000000000000002C /* TimeFormatting.swift */ = {isa = PBXFileReference; lastKnownFileType = sourcecode.swift; path = Core/Utils/TimeFormatting.swift; sourceTree = "<group>"; };
		A2000000000000000000002D /* Assets.xcassets */ = {isa = PBXFileReference; lastKnownFileType = folder.assetcatalog; path = Resources/Assets.xcassets; sourceTree = "<group>"; };
		A2000000000000000000002E /* LaunchScreen.storyboard */ = {isa = PBXFileReference; lastKnownFileType = file.storyboard; path = LaunchScreen.storyboard; sourceTree = "<group>"; };
		A2000000000000000000002F /* FloatingTabBar.swift */ = {isa = PBXFileReference; lastKnownFileType = sourcecode.swift; path = Shared/Components/FloatingTabBar.swift; sourceTree = "<group>"; };
		A20000000000000000000030 /* WellnessAnalysis.swift */ = {isa = PBXFileReference; lastKnownFileType = sourcecode.swift; path = Core/Analysis/WellnessAnalysis.swift; sourceTree = "<group>"; };
		A20000000000000000000031 /* FeatureExtractor.swift */ = {isa = PBXFileReference; lastKnownFileType = sourcecode.swift; path = Core/Analysis/FeatureExtractor.swift; sourceTree = "<group>"; };
		A20000000000000000000032 /* WellnessAnalyzer.swift */ = {isa = PBXFileReference; lastKnownFileType = sourcecode.swift; path = Core/Analysis/WellnessAnalyzer.swift; sourceTree = "<group>"; };
		A20000000000000000000033 /* AdviceGenerator.swift */ = {isa = PBXFileReference; lastKnownFileType = sourcecode.swift; path = Core/Analysis/AdviceGenerator.swift; sourceTree = "<group>"; };
		A20000000000000000000034 /* AnalysisViewModel.swift */ = {isa = PBXFileReference; lastKnownFileType = sourcecode.swift; path = Features/Analysis/AnalysisViewModel.swift; sourceTree = "<group>"; };
		A20000000000000000000035 /* AnalysisView.swift */ = {isa = PBXFileReference; lastKnownFileType = sourcecode.swift; path = Features/Analysis/Views/AnalysisView.swift; sourceTree = "<group>"; };
		A20000000000000000000036 /* DashboardHeroSection.swift */ = {isa = PBXFileReference; lastKnownFileType = sourcecode.swift; path = Features/Dashboard/Components/DashboardHeroSection.swift; sourceTree = "<group>"; };
		A20000000000000000000037 /* DashboardAnalysisEntryCard.swift */ = {isa = PBXFileReference; lastKnownFileType = sourcecode.swift; path = Features/Dashboard/Components/DashboardAnalysisEntryCard.swift; sourceTree = "<group>"; };
		A20000000000000000000038 /* DashboardMetricNavigationCard.swift */ = {isa = PBXFileReference; lastKnownFileType = sourcecode.swift; path = Features/Dashboard/Components/DashboardMetricNavigationCard.swift; sourceTree = "<group>"; };
		A20000000000000000000039 /* DashboardKeySignalsSection.swift */ = {isa = PBXFileReference; lastKnownFileType = sourcecode.swift; path = Features/Dashboard/Components/DashboardKeySignalsSection.swift; sourceTree = "<group>"; };
		A2000000000000000000003A /* DashboardDetailGridSection.swift */ = {isa = PBXFileReference; lastKnownFileType = sourcecode.swift; path = Features/Dashboard/Components/DashboardDetailGridSection.swift; sourceTree = "<group>"; };
		A2000000000000000000003B /* DashboardSleepStagesSection.swift */ = {isa = PBXFileReference; lastKnownFileType = sourcecode.swift; path = Features/Dashboard/Components/DashboardSleepStagesSection.swift; sourceTree = "<group>"; };
		A2000000000000000000003C /* DashboardActivityContextSection.swift */ = {isa = PBXFileReference; lastKnownFileType = sourcecode.swift; path = Features/Dashboard/Components/DashboardActivityContextSection.swift; sourceTree = "<group>"; };
		A2000000000000000000003D /* LiveStressSnapshot.swift */ = {isa = PBXFileReference; lastKnownFileType = sourcecode.swift; path = Core/LiveStress/LiveStressSnapshot.swift; sourceTree = "<group>"; };
		A2000000000000000000003E /* LiveStressEstimator.swift */ = {isa = PBXFileReference; lastKnownFileType = sourcecode.swift; path = Core/LiveStress/LiveStressEstimator.swift; sourceTree = "<group>"; };
		A2000000000000000000003F /* LiveStressCard.swift */ = {isa = PBXFileReference; lastKnownFileType = sourcecode.swift; path = Features/Dashboard/Views/LiveStressCard.swift; sourceTree = "<group>"; };
		A20000000000000000000040 /* DailyWellnessCheckIn.swift */ = {isa = PBXFileReference; lastKnownFileType = sourcecode.swift; path = Core/Models/DailyWellnessCheckIn.swift; sourceTree = "<group>"; };
		A20000000000000000000041 /* CoreMLWellnessAnalyzer.swift */ = {isa = PBXFileReference; lastKnownFileType = sourcecode.swift; path = Core/Analysis/CoreMLWellnessAnalyzer.swift; sourceTree = "<group>"; };
/* End PBXFileReference section */

/* Begin PBXFrameworksBuildPhase section */
		A30000000000000000000001 /* Frameworks */ = {
			isa = PBXFrameworksBuildPhase;
			buildActionMask = 2147483647;
			files = (
				A1000000000000000000001A /* HealthKit.framework in Frameworks */,
				A1000000000000000000001B /* Charts.framework in Frameworks */,
			);
			runOnlyForDeploymentPostprocessing = 0;
		};
/* End PBXFrameworksBuildPhase section */

/* Begin PBXGroup section */
		A40000000000000000000001 = {
			isa = PBXGroup;
			children = (
				A40000000000000000000002 /* StressWatch */,
				A40000000000000000000003 /* Frameworks */,
				A40000000000000000000004 /* Products */,
			);
			sourceTree = "<group>";
		};
		A40000000000000000000002 /* StressWatch */ = {
			isa = PBXGroup;
			children = (
				A40000000000000000000010 /* App */,
				A40000000000000000000011 /* Core */,
				A40000000000000000000016 /* Features */,
				A40000000000000000000017 /* Shared */,
				A4000000000000000000001C /* Supporting Files */,
			);
			path = StressWatch;
			sourceTree = "<group>";
		};
		A40000000000000000000010 /* App */ = {
			isa = PBXGroup;
			children = (
				A20000000000000000000001 /* StressWatchApp.swift */,
			);
			name = App;
			sourceTree = "<group>";
		};
		A40000000000000000000011 /* Core */ = {
			isa = PBXGroup;
			children = (
				A40000000000000000000024 /* HealthKit */,
				A40000000000000000000025 /* Storage */,
				A40000000000000000000026 /* Analysis */,
				A4000000000000000000002F /* LiveStress */,
				A40000000000000000000027 /* Models */,
				A40000000000000000000028 /* Utils */,
				A40000000000000000000029 /* Extensions */,
			);
			name = Core;
			sourceTree = "<group>";
		};
		A40000000000000000000016 /* Features */ = {
			isa = PBXGroup;
			children = (
				A40000000000000000000018 /* Dashboard */,
				A40000000000000000000019 /* Trend */,
				A4000000000000000000001A /* Detail */,
				A4000000000000000000001E /* Analysis */,
				A4000000000000000000001D /* Settings */,
			);
			name = Features;
			sourceTree = "<group>";
		};
		A40000000000000000000017 /* Shared */ = {
			isa = PBXGroup;
			children = (
				A4000000000000000000002B /* Components */,
				A4000000000000000000002C /* Charts */,
				A4000000000000000000002D /* Motion */,
				A4000000000000000000002E /* Glass */,
				A4000000000000000000002A /* Theme */,
			);
			name = Shared;
			sourceTree = "<group>";
		};
		A40000000000000000000024 /* HealthKit */ = {
			isa = PBXGroup;
			children = (
				A20000000000000000000006 /* HealthKitDataProvider.swift */,
				A20000000000000000000008 /* HealthKitService.swift */,
				A20000000000000000000009 /* MockHealthKitService.swift */,
			);
			name = HealthKit;
			sourceTree = "<group>";
		};
		A40000000000000000000025 /* Storage */ = {
			isa = PBXGroup;
			children = (
				A20000000000000000000007 /* LocalStorageProtocol.swift */,
				A2000000000000000000000D /* LocalStorage.swift */,
			);
			name = Storage;
			sourceTree = "<group>";
		};
		A40000000000000000000026 /* Analysis */ = {
			isa = PBXGroup;
			children = (
				A2000000000000000000000A /* BaselineEngine.swift */,
				A2000000000000000000000B /* StressModel.swift */,
				A2000000000000000000000C /* RecoveryModel.swift */,
				A20000000000000000000030 /* WellnessAnalysis.swift */,
				A20000000000000000000031 /* FeatureExtractor.swift */,
				A20000000000000000000032 /* WellnessAnalyzer.swift */,
				A20000000000000000000041 /* CoreMLWellnessAnalyzer.swift */,
				A20000000000000000000033 /* AdviceGenerator.swift */,
			);
			name = Analysis;
			sourceTree = "<group>";
		};
		A4000000000000000000002F /* LiveStress */ = {
			isa = PBXGroup;
			children = (
				A2000000000000000000003D /* LiveStressSnapshot.swift */,
				A2000000000000000000003E /* LiveStressEstimator.swift */,
			);
			name = LiveStress;
			sourceTree = "<group>";
		};
		A40000000000000000000027 /* Models */ = {
			isa = PBXGroup;
			children = (
				A20000000000000000000002 /* HealthMetric.swift */,
				A20000000000000000000003 /* Baseline.swift */,
				A20000000000000000000004 /* StressScore.swift */,
				A20000000000000000000005 /* RecoveryScore.swift */,
				A20000000000000000000040 /* DailyWellnessCheckIn.swift */,
			);
			name = Models;
			sourceTree = "<group>";
		};
		A40000000000000000000028 /* Utils */ = {
			isa = PBXGroup;
			children = (
				A2000000000000000000001F /* MathHelpers.swift */,
				A2000000000000000000002C /* TimeFormatting.swift */,
			);
			name = Utils;
			sourceTree = "<group>";
		};
		A40000000000000000000029 /* Extensions */ = {
			isa = PBXGroup;
			children = (
				A20000000000000000000020 /* DateExtensions.swift */,
			);
			name = Extensions;
			sourceTree = "<group>";
		};
		A4000000000000000000002A /* Theme */ = {
			isa = PBXGroup;
			children = (
				A2000000000000000000002A /* AppColors.swift */,
			);
			name = Theme;
			sourceTree = "<group>";
		};
		A4000000000000000000002B /* Components */ = {
			isa = PBXGroup;
			children = (
				A20000000000000000000022 /* LiquidMetricCard.swift */,
				A20000000000000000000024 /* GlassSectionHeader.swift */,
				A20000000000000000000025 /* DataSourceBadge.swift */,
				A2000000000000000000002F /* FloatingTabBar.swift */,
			);
			name = Components;
			sourceTree = "<group>";
		};
		A4000000000000000000002C /* Charts */ = {
			isa = PBXGroup;
			children = (
				A20000000000000000000018 /* MetricChart.swift */,
			);
			name = Charts;
			sourceTree = "<group>";
		};
		A4000000000000000000002D /* Motion */ = {
			isa = PBXGroup;
			children = (
				A2000000000000000000002B /* AppMotion.swift */,
			);
			name = Motion;
			sourceTree = "<group>";
		};
		A4000000000000000000002E /* Glass */ = {
			isa = PBXGroup;
			children = (
				A20000000000000000000021 /* GlassCardView.swift */,
			);
			name = Glass;
			sourceTree = "<group>";
		};
		A40000000000000000000018 /* Dashboard */ = {
			isa = PBXGroup;
			children = (
				A2000000000000000000000E /* DashboardViewModel.swift */,
				A20000000000000000000026 /* DashboardMetric.swift */,
				A20000000000000000000011 /* DashboardView.swift */,
				A2000000000000000000003F /* LiveStressCard.swift */,
				A20000000000000000000027 /* DashboardSparklineView.swift */,
				A20000000000000000000028 /* DashboardMetricCardView.swift */,
				A20000000000000000000029 /* DashboardTrendChartView.swift */,
				A20000000000000000000036 /* DashboardHeroSection.swift */,
				A20000000000000000000037 /* DashboardAnalysisEntryCard.swift */,
				A20000000000000000000038 /* DashboardMetricNavigationCard.swift */,
				A20000000000000000000039 /* DashboardKeySignalsSection.swift */,
				A2000000000000000000003A /* DashboardDetailGridSection.swift */,
				A2000000000000000000003B /* DashboardSleepStagesSection.swift */,
				A2000000000000000000003C /* DashboardActivityContextSection.swift */,
			);
			name = Dashboard;
			sourceTree = "<group>";
		};
		A40000000000000000000019 /* Trend */ = {
			isa = PBXGroup;
			children = (
				A2000000000000000000000F /* TrendViewModel.swift */,
				A20000000000000000000015 /* TrendView.swift */,
				A20000000000000000000016 /* TrendChart.swift */,
			);
			name = Trend;
			sourceTree = "<group>";
		};
		A4000000000000000000001A /* Detail */ = {
			isa = PBXGroup;
			children = (
				A20000000000000000000017 /* MetricDetailView.swift */,
			);
			name = Detail;
			sourceTree = "<group>";
		};
		A4000000000000000000001C /* Supporting Files */ = {
			isa = PBXGroup;
			children = (
				A2000000000000000000002D /* Assets.xcassets */,
				A2000000000000000000002E /* LaunchScreen.storyboard */,
				A2000000000000000000001C /* Info.plist */,
				A2000000000000000000001D /* StressWatch.entitlements */,
			);
			name = "Supporting Files";
			sourceTree = "<group>";
		};
		A4000000000000000000001D /* Settings */ = {
			isa = PBXGroup;
			children = (
				A20000000000000000000010 /* SettingsViewModel.swift */,
				A20000000000000000000019 /* SettingsView.swift */,
			);
			name = Settings;
			sourceTree = "<group>";
		};
		A4000000000000000000001E /* Analysis */ = {
			isa = PBXGroup;
			children = (
				A20000000000000000000034 /* AnalysisViewModel.swift */,
				A20000000000000000000035 /* AnalysisView.swift */,
			);
			name = Analysis;
			sourceTree = "<group>";
		};
		A40000000000000000000003 /* Frameworks */ = {
			isa = PBXGroup;
			children = (
				A2000000000000000000001A /* HealthKit.framework */,
				A2000000000000000000001B /* Charts.framework */,
			);
			name = Frameworks;
			sourceTree = "<group>";
		};
		A40000000000000000000004 /* Products */ = {
			isa = PBXGroup;
			children = (
				A2000000000000000000001E /* StressWatch.app */,
			);
			name = Products;
			sourceTree = "<group>";
		};
/* End PBXGroup section */

/* Begin PBXNativeTarget section */
		A50000000000000000000001 /* StressWatch */ = {
			isa = PBXNativeTarget;
			buildConfigurationList = A90000000000000000000002 /* Build configuration list for PBXNativeTarget "StressWatch" */;
			buildPhases = (
				A30000000000000000000002 /* Sources */,
				A30000000000000000000001 /* Frameworks */,
				A30000000000000000000003 /* Resources */,
			);
			buildRules = (
			);
			dependencies = (
			);
			name = StressWatch;
			productName = StressWatch;
			productReference = A2000000000000000000001E /* StressWatch.app */;
			productType = "com.apple.product-type.application";
		};
/* End PBXNativeTarget section */

/* Begin PBXProject section */
		A60000000000000000000001 /* Project object */ = {
			isa = PBXProject;
			attributes = {
				BuildIndependentTargetsInParallel = 1;
				LastSwiftUpdateCheck = 1530;
				LastUpgradeCheck = 1530;
				TargetAttributes = {
					A50000000000000000000001 = {
						CreatedOnToolsVersion = 15.3;
						SystemCapabilities = {
							com.apple.HealthKit = {
								enabled = 1;
							};
						};
					};
				};
			};
			buildConfigurationList = A90000000000000000000001 /* Build configuration list for PBXProject "StressWatch" */;
			compatibilityVersion = "Xcode 14.0";
			developmentRegion = en;
			hasScannedForEncodings = 0;
			knownRegions = (
				en,
				Base,
			);
			mainGroup = A40000000000000000000001;
			productRefGroup = A40000000000000000000004 /* Products */;
			projectDirPath = "";
			projectRoot = "";
			targets = (
				A50000000000000000000001 /* StressWatch */,
			);
		};
/* End PBXProject section */

/* Begin PBXResourcesBuildPhase section */
		A30000000000000000000003 /* Resources */ = {
			isa = PBXResourcesBuildPhase;
			buildActionMask = 2147483647;
			files = (
				A1000000000000000000002A /* Assets.xcassets in Resources */,
				A1000000000000000000002B /* LaunchScreen.storyboard in Resources */,
			);
			runOnlyForDeploymentPostprocessing = 0;
		};
/* End PBXResourcesBuildPhase section */

/* Begin PBXSourcesBuildPhase section */
		A30000000000000000000002 /* Sources */ = {
			isa = PBXSourcesBuildPhase;
			buildActionMask = 2147483647;
			files = (
				A10000000000000000000001 /* StressWatchApp.swift in Sources */,
				A10000000000000000000002 /* HealthMetric.swift in Sources */,
				A10000000000000000000003 /* Baseline.swift in Sources */,
				A10000000000000000000004 /* StressScore.swift in Sources */,
				A10000000000000000000005 /* RecoveryScore.swift in Sources */,
				A10000000000000000000006 /* HealthKitDataProvider.swift in Sources */,
				A10000000000000000000007 /* LocalStorageProtocol.swift in Sources */,
				A10000000000000000000008 /* HealthKitService.swift in Sources */,
				A10000000000000000000009 /* MockHealthKitService.swift in Sources */,
				A1000000000000000000000A /* BaselineEngine.swift in Sources */,
				A1000000000000000000000B /* StressModel.swift in Sources */,
				A1000000000000000000000C /* RecoveryModel.swift in Sources */,
				A1000000000000000000000D /* LocalStorage.swift in Sources */,
				A1000000000000000000000E /* DashboardViewModel.swift in Sources */,
				A1000000000000000000000F /* TrendViewModel.swift in Sources */,
				A10000000000000000000010 /* SettingsViewModel.swift in Sources */,
				A10000000000000000000011 /* DashboardView.swift in Sources */,
				A10000000000000000000015 /* TrendView.swift in Sources */,
				A10000000000000000000016 /* TrendChart.swift in Sources */,
				A10000000000000000000017 /* MetricDetailView.swift in Sources */,
				A10000000000000000000018 /* MetricChart.swift in Sources */,
				A10000000000000000000019 /* SettingsView.swift in Sources */,
				A1000000000000000000001C /* MathHelpers.swift in Sources */,
				A1000000000000000000001D /* DateExtensions.swift in Sources */,
				A1000000000000000000001E /* GlassCardView.swift in Sources */,
				A1000000000000000000001F /* LiquidMetricCard.swift in Sources */,
				A10000000000000000000021 /* GlassSectionHeader.swift in Sources */,
				A10000000000000000000022 /* DataSourceBadge.swift in Sources */,
				A10000000000000000000023 /* DashboardMetric.swift in Sources */,
				A10000000000000000000024 /* DashboardSparklineView.swift in Sources */,
				A10000000000000000000025 /* DashboardMetricCardView.swift in Sources */,
				A10000000000000000000026 /* DashboardTrendChartView.swift in Sources */,
				A10000000000000000000027 /* AppColors.swift in Sources */,
				A10000000000000000000028 /* AppMotion.swift in Sources */,
				A10000000000000000000029 /* TimeFormatting.swift in Sources */,
				A1000000000000000000002C /* FloatingTabBar.swift in Sources */,
				A1000000000000000000002D /* WellnessAnalysis.swift in Sources */,
				A1000000000000000000002E /* FeatureExtractor.swift in Sources */,
				A1000000000000000000002F /* WellnessAnalyzer.swift in Sources */,
				A1000000000000000000003E /* CoreMLWellnessAnalyzer.swift in Sources */,
				A10000000000000000000030 /* AdviceGenerator.swift in Sources */,
				A10000000000000000000031 /* AnalysisViewModel.swift in Sources */,
				A10000000000000000000032 /* AnalysisView.swift in Sources */,
				A10000000000000000000033 /* DashboardHeroSection.swift in Sources */,
				A10000000000000000000034 /* DashboardAnalysisEntryCard.swift in Sources */,
				A10000000000000000000035 /* DashboardMetricNavigationCard.swift in Sources */,
				A10000000000000000000036 /* DashboardKeySignalsSection.swift in Sources */,
				A10000000000000000000037 /* DashboardDetailGridSection.swift in Sources */,
				A10000000000000000000038 /* DashboardSleepStagesSection.swift in Sources */,
				A10000000000000000000039 /* DashboardActivityContextSection.swift in Sources */,
				A1000000000000000000003A /* LiveStressSnapshot.swift in Sources */,
				A1000000000000000000003B /* LiveStressEstimator.swift in Sources */,
				A1000000000000000000003C /* LiveStressCard.swift in Sources */,
				A1000000000000000000003D /* DailyWellnessCheckIn.swift in Sources */,
			);
			runOnlyForDeploymentPostprocessing = 0;
		};
/* End PBXSourcesBuildPhase section */

/* Begin XCBuildConfiguration section */
		A70000000000000000000001 /* Debug */ = {
			isa = XCBuildConfiguration;
			buildSettings = {
				ALWAYS_SEARCH_USER_PATHS = NO;
				CLANG_ANALYZER_NONNULL = YES;
				CLANG_ANALYZER_NUMBER_OBJECT_CONVERSION = YES_AGGRESSIVE;
				CLANG_CXX_LANGUAGE_STANDARD = "gnu++20";
				CLANG_ENABLE_MODULES = YES;
				CLANG_ENABLE_OBJC_ARC = YES;
				CLANG_ENABLE_OBJC_WEAK = YES;
				CLANG_WARN_BLOCK_CAPTURE_AUTORELEASING = YES;
				CLANG_WARN_BOOL_CONVERSION = YES;
				CLANG_WARN_COMMA = YES;
				CLANG_WARN_CONSTANT_CONVERSION = YES;
				CLANG_WARN_DEPRECATED_OBJC_IMPLEMENTATIONS = YES;
				CLANG_WARN_DIRECT_OBJC_ISA_USAGE = YES_ERROR;
				CLANG_WARN_DOCUMENTATION_COMMENTS = YES;
				CLANG_WARN_EMPTY_BODY = YES;
				CLANG_WARN_ENUM_CONVERSION = YES;
				CLANG_WARN_INFINITE_RECURSION = YES;
				CLANG_WARN_INT_CONVERSION = YES;
				CLANG_WARN_NON_LITERAL_NULL_CONVERSION = YES;
				CLANG_WARN_OBJC_IMPLICIT_RETAIN_SELF = YES;
				CLANG_WARN_OBJC_LITERAL_CONVERSION = YES;
				CLANG_WARN_OBJC_ROOT_CLASS = YES_ERROR;
				CLANG_WARN_QUOTED_INCLUDE_IN_FRAMEWORK_HEADER = YES;
				CLANG_WARN_RANGE_LOOP_ANALYSIS = YES;
				CLANG_WARN_STRICT_PROTOTYPES = YES;
				CLANG_WARN_SUSPICIOUS_MOVE = YES;
				COPY_PHASE_STRIP = NO;
				DEBUG_INFORMATION_FORMAT = dwarf;
				ENABLE_STRICT_OBJC_MSGSEND = YES;
				ENABLE_TESTABILITY = YES;
				ENABLE_USER_SCRIPT_SANDBOXING = YES;
				GCC_C_LANGUAGE_STANDARD = gnu17;
				GCC_DYNAMIC_NO_PIC = NO;
				GCC_NO_COMMON_BLOCKS = YES;
				GCC_OPTIMIZATION_LEVEL = 0;
				GCC_PREPROCESSOR_DEFINITIONS = (
					"DEBUG=1",
					"$(inherited)",
				);
				GCC_WARN_64_TO_32_BIT_CONVERSION = YES;
				GCC_WARN_ABOUT_RETURN_TYPE = YES_ERROR;
				GCC_WARN_UNDECLARED_SELECTOR = YES;
				GCC_WARN_UNINITIALIZED_AUTOS = YES_AGGRESSIVE;
				GCC_WARN_UNUSED_FUNCTION = YES;
				GCC_WARN_UNUSED_VARIABLE = YES;
				IPHONEOS_DEPLOYMENT_TARGET = 26.0;
				MTL_ENABLE_DEBUG_INFO = INCLUDE_SOURCE;
				MTL_FAST_MATH = YES;
				ONLY_ACTIVE_ARCH = YES;
				SDKROOT = iphoneos;
				SWIFT_ACTIVE_COMPILATION_CONDITIONS = DEBUG;
				SWIFT_OPTIMIZATION_LEVEL = "-Onone";
			};
			name = Debug;
		};
		A70000000000000000000002 /* Release */ = {
			isa = XCBuildConfiguration;
			buildSettings = {
				ALWAYS_SEARCH_USER_PATHS = NO;
				CLANG_ANALYZER_NONNULL = YES;
				CLANG_ANALYZER_NUMBER_OBJECT_CONVERSION = YES_AGGRESSIVE;
				CLANG_CXX_LANGUAGE_STANDARD = "gnu++20";
				CLANG_ENABLE_MODULES = YES;
				CLANG_ENABLE_OBJC_ARC = YES;
				CLANG_ENABLE_OBJC_WEAK = YES;
				CLANG_WARN_BLOCK_CAPTURE_AUTORELEASING = YES;
				CLANG_WARN_BOOL_CONVERSION = YES;
				CLANG_WARN_COMMA = YES;
				CLANG_WARN_CONSTANT_CONVERSION = YES;
				CLANG_WARN_DEPRECATED_OBJC_IMPLEMENTATIONS = YES;
				CLANG_WARN_DIRECT_OBJC_ISA_USAGE = YES_ERROR;
				CLANG_WARN_DOCUMENTATION_COMMENTS = YES;
				CLANG_WARN_EMPTY_BODY = YES;
				CLANG_WARN_ENUM_CONVERSION = YES;
				CLANG_WARN_INFINITE_RECURSION = YES;
				CLANG_WARN_INT_CONVERSION = YES;
				CLANG_WARN_NON_LITERAL_NULL_CONVERSION = YES;
				CLANG_WARN_OBJC_IMPLICIT_RETAIN_SELF = YES;
				CLANG_WARN_OBJC_LITERAL_CONVERSION = YES;
				CLANG_WARN_OBJC_ROOT_CLASS = YES_ERROR;
				CLANG_WARN_QUOTED_INCLUDE_IN_FRAMEWORK_HEADER = YES;
				CLANG_WARN_RANGE_LOOP_ANALYSIS = YES;
				CLANG_WARN_STRICT_PROTOTYPES = YES;
				CLANG_WARN_SUSPICIOUS_MOVE = YES;
				COPY_PHASE_STRIP = NO;
				DEBUG_INFORMATION_FORMAT = "dwarf-with-dsym";
				ENABLE_NS_ASSERTIONS = NO;
				ENABLE_STRICT_OBJC_MSGSEND = YES;
				ENABLE_USER_SCRIPT_SANDBOXING = YES;
				GCC_C_LANGUAGE_STANDARD = gnu17;
				GCC_NO_COMMON_BLOCKS = YES;
				GCC_WARN_64_TO_32_BIT_CONVERSION = YES;
				GCC_WARN_ABOUT_RETURN_TYPE = YES_ERROR;
				GCC_WARN_UNDECLARED_SELECTOR = YES;
				GCC_WARN_UNINITIALIZED_AUTOS = YES_AGGRESSIVE;
				GCC_WARN_UNUSED_FUNCTION = YES;
				GCC_WARN_UNUSED_VARIABLE = YES;
				IPHONEOS_DEPLOYMENT_TARGET = 26.0;
				MTL_ENABLE_DEBUG_INFO = NO;
				MTL_FAST_MATH = YES;
				SDKROOT = iphoneos;
				SWIFT_COMPILATION_MODE = wholemodule;
				SWIFT_OPTIMIZATION_LEVEL = "-O";
				VALIDATE_PRODUCT = YES;
			};
			name = Release;
		};
		A80000000000000000000001 /* Debug */ = {
			isa = XCBuildConfiguration;
			buildSettings = {
				ASSETCATALOG_COMPILER_GLOBAL_ACCENT_COLOR_NAME = AccentColor;
				ASSETCATALOG_COMPILER_APPICON_NAME = AppIcon;
				CODE_SIGN_ENTITLEMENTS = StressWatch/StressWatch.entitlements;
				CODE_SIGN_STYLE = Automatic;
				CURRENT_PROJECT_VERSION = 1;
				DEVELOPMENT_ASSET_PATHS = "";
				DEVELOPMENT_TEAM = "";
				ENABLE_PREVIEWS = YES;
				GENERATE_INFOPLIST_FILE = NO;
				INFOPLIST_FILE = StressWatch/Info.plist;
				IPHONEOS_DEPLOYMENT_TARGET = 26.0;
				LD_RUNPATH_SEARCH_PATHS = (
					"$(inherited)",
					"@executable_path/Frameworks",
				);
				MARKETING_VERSION = 1.0;
				PRODUCT_BUNDLE_IDENTIFIER = com.stresswatch.demo;
				PRODUCT_NAME = "$(TARGET_NAME)";
				SUPPORTED_PLATFORMS = "iphoneos iphonesimulator";
				SUPPORTS_MACCATALYST = NO;
				SUPPORTS_MAC_DESIGNED_FOR_IPHONE_IPAD = NO;
				SWIFT_EMIT_LOC_STRINGS = YES;
				SWIFT_VERSION = 5.0;
				TARGETED_DEVICE_FAMILY = "1,2";
			};
			name = Debug;
		};
		A80000000000000000000002 /* Release */ = {
			isa = XCBuildConfiguration;
			buildSettings = {
				ASSETCATALOG_COMPILER_GLOBAL_ACCENT_COLOR_NAME = AccentColor;
				ASSETCATALOG_COMPILER_APPICON_NAME = AppIcon;
				CODE_SIGN_ENTITLEMENTS = StressWatch/StressWatch.entitlements;
				CODE_SIGN_STYLE = Automatic;
				CURRENT_PROJECT_VERSION = 1;
				DEVELOPMENT_ASSET_PATHS = "";
				DEVELOPMENT_TEAM = "";
				ENABLE_PREVIEWS = YES;
				GENERATE_INFOPLIST_FILE = NO;
				INFOPLIST_FILE = StressWatch/Info.plist;
				IPHONEOS_DEPLOYMENT_TARGET = 26.0;
				LD_RUNPATH_SEARCH_PATHS = (
					"$(inherited)",
					"@executable_path/Frameworks",
				);
				MARKETING_VERSION = 1.0;
				PRODUCT_BUNDLE_IDENTIFIER = com.stresswatch.demo;
				PRODUCT_NAME = "$(TARGET_NAME)";
				SUPPORTED_PLATFORMS = "iphoneos iphonesimulator";
				SUPPORTS_MACCATALYST = NO;
				SUPPORTS_MAC_DESIGNED_FOR_IPHONE_IPAD = NO;
				SWIFT_EMIT_LOC_STRINGS = YES;
				SWIFT_VERSION = 5.0;
				TARGETED_DEVICE_FAMILY = "1,2";
			};
			name = Release;
		};
/* End XCBuildConfiguration section */

/* Begin XCConfigurationList section */
		A90000000000000000000001 /* Build configuration list for PBXProject "StressWatch" */ = {
			isa = XCConfigurationList;
			buildConfigurations = (
				A70000000000000000000001 /* Debug */,
				A70000000000000000000002 /* Release */,
			);
			defaultConfigurationIsVisible = 0;
			defaultConfigurationName = Release;
		};
		A90000000000000000000002 /* Build configuration list for PBXNativeTarget "StressWatch" */ = {
			isa = XCConfigurationList;
			buildConfigurations = (
				A80000000000000000000001 /* Debug */,
				A80000000000000000000002 /* Release */,
			);
			defaultConfigurationIsVisible = 0;
			defaultConfigurationName = Release;
		};
/* End XCConfigurationList section */
	};
	rootObject = A60000000000000000000001 /* Project object */;
}
