// !$*UTF8*$!
{
	archiveVersion = 1;
	classes = {
	};
	objectVersion = 56;
	objects = {

/* Begin PBXBuildFile section */
		A10000000000000000000001 /* App/StressWatchApp.swift in Sources */ = {isa = PBXBuildFile; fileRef = A20000000000000000000001 /* App/StressWatchApp.swift */; };
		A10000000000000000000002 /* Core/Models/HealthMetric.swift in Sources */ = {isa = PBXBuildFile; fileRef = A20000000000000000000002 /* Core/Models/HealthMetric.swift */; };
		A10000000000000000000003 /* Core/Models/Baseline.swift in Sources */ = {isa = PBXBuildFile; fileRef = A20000000000000000000003 /* Core/Models/Baseline.swift */; };
		A10000000000000000000004 /* Core/Models/StressScore.swift in Sources */ = {isa = PBXBuildFile; fileRef = A20000000000000000000004 /* Core/Models/StressScore.swift */; };
		A10000000000000000000005 /* Core/Models/RecoveryScore.swift in Sources */ = {isa = PBXBuildFile; fileRef = A20000000000000000000005 /* Core/Models/RecoveryScore.swift */; };
		A10000000000000000000006 /* Core/HealthKit/HealthKitDataProvider.swift in Sources */ = {isa = PBXBuildFile; fileRef = A20000000000000000000006 /* Core/HealthKit/HealthKitDataProvider.swift */; };
		A10000000000000000000007 /* Core/Storage/LocalStorageProtocol.swift in Sources */ = {isa = PBXBuildFile; fileRef = A20000000000000000000007 /* Core/Storage/LocalStorageProtocol.swift */; };
		A10000000000000000000008 /* Core/HealthKit/HealthKitService.swift in Sources */ = {isa = PBXBuildFile; fileRef = A20000000000000000000008 /* Core/HealthKit/HealthKitService.swift */; };
		A10000000000000000000009 /* Core/HealthKit/MockHealthKitService.swift in Sources */ = {isa = PBXBuildFile; fileRef = A20000000000000000000009 /* Core/HealthKit/MockHealthKitService.swift */; };
		A1000000000000000000000A /* Core/Analysis/BaselineEngine.swift in Sources */ = {isa = PBXBuildFile; fileRef = A2000000000000000000000A /* Core/Analysis/BaselineEngine.swift */; };
		A1000000000000000000000B /* Core/Analysis/StressModel.swift in Sources */ = {isa = PBXBuildFile; fileRef = A2000000000000000000000B /* Core/Analysis/StressModel.swift */; };
		A1000000000000000000000C /* Core/Analysis/RecoveryModel.swift in Sources */ = {isa = PBXBuildFile; fileRef = A2000000000000000000000C /* Core/Analysis/RecoveryModel.swift */; };
		A1000000000000000000000D /* Core/Storage/LocalStorage.swift in Sources */ = {isa = PBXBuildFile; fileRef = A2000000000000000000000D /* Core/Storage/LocalStorage.swift */; };
		A1000000000000000000000E /* Features/Dashboard/DashboardViewModel.swift in Sources */ = {isa = PBXBuildFile; fileRef = A2000000000000000000000E /* Features/Dashboard/DashboardViewModel.swift */; };
		A1000000000000000000000F /* Features/Trend/TrendViewModel.swift in Sources */ = {isa = PBXBuildFile; fileRef = A2000000000000000000000F /* Features/Trend/TrendViewModel.swift */; };
		A10000000000000000000010 /* Features/Settings/SettingsViewModel.swift in Sources */ = {isa = PBXBuildFile; fileRef = A20000000000000000000010 /* Features/Settings/SettingsViewModel.swift */; };
		A10000000000000000000011 /* Features/Dashboard/Views/DashboardView.swift in Sources */ = {isa = PBXBuildFile; fileRef = A20000000000000000000011 /* Features/Dashboard/Views/DashboardView.swift */; };
		A10000000000000000000015 /* Features/Trend/Views/TrendView.swift in Sources */ = {isa = PBXBuildFile; fileRef = A20000000000000000000015 /* Features/Trend/Views/TrendView.swift */; };
		A10000000000000000000016 /* Features/Trend/Components/TrendChart.swift in Sources */ = {isa = PBXBuildFile; fileRef = A20000000000000000000016 /* Features/Trend/Components/TrendChart.swift */; };
		A10000000000000000000017 /* Features/Detail/Views/MetricDetailView.swift in Sources */ = {isa = PBXBuildFile; fileRef = A20000000000000000000017 /* Features/Detail/Views/MetricDetailView.swift */; };
		A10000000000000000000018 /* Shared/Charts/MetricChart.swift in Sources */ = {isa = PBXBuildFile; fileRef = A20000000000000000000018 /* Shared/Charts/MetricChart.swift */; };
		A10000000000000000000019 /* Features/Settings/Views/SettingsView.swift in Sources */ = {isa = PBXBuildFile; fileRef = A20000000000000000000019 /* Features/Settings/Views/SettingsView.swift */; };
		A1000000000000000000001A /* HealthKit.framework in Frameworks */ = {isa = PBXBuildFile; fileRef = A2000000000000000000001A /* HealthKit.framework */; };
		A1000000000000000000001B /* Charts.framework in Frameworks */ = {isa = PBXBuildFile; fileRef = A2000000000000000000001B /* Charts.framework */; };
		A1000000000000000000001C /* Core/Utils/MathHelpers.swift in Sources */ = {isa = PBXBuildFile; fileRef = A2000000000000000000001F /* Core/Utils/MathHelpers.swift */; };
		A1000000000000000000001D /* Core/Extensions/DateExtensions.swift in Sources */ = {isa = PBXBuildFile; fileRef = A20000000000000000000020 /* Core/Extensions/DateExtensions.swift */; };
		A1000000000000000000001E /* Shared/Glass/GlassCardView.swift in Sources */ = {isa = PBXBuildFile; fileRef = A20000000000000000000021 /* Shared/Glass/GlassCardView.swift */; };
		A1000000000000000000001F /* Shared/Components/LiquidMetricCard.swift in Sources */ = {isa = PBXBuildFile; fileRef = A20000000000000000000022 /* Shared/Components/LiquidMetricCard.swift */; };
		A10000000000000000000021 /* Shared/Components/GlassSectionHeader.swift in Sources */ = {isa = PBXBuildFile; fileRef = A20000000000000000000024 /* Shared/Components/GlassSectionHeader.swift */; };
		A10000000000000000000022 /* Shared/Components/DataSourceBadge.swift in Sources */ = {isa = PBXBuildFile; fileRef = A20000000000000000000025 /* Shared/Components/DataSourceBadge.swift */; };
		A10000000000000000000023 /* Features/Dashboard/DashboardMetric.swift in Sources */ = {isa = PBXBuildFile; fileRef = A20000000000000000000026 /* Features/Dashboard/DashboardMetric.swift */; };
		A10000000000000000000024 /* Features/Dashboard/Components/DashboardSparklineView.swift in Sources */ = {isa = PBXBuildFile; fileRef = A20000000000000000000027 /* Features/Dashboard/Components/DashboardSparklineView.swift */; };
		A10000000000000000000025 /* Features/Dashboard/Components/DashboardMetricCardView.swift in Sources */ = {isa = PBXBuildFile; fileRef = A20000000000000000000028 /* Features/Dashboard/Components/DashboardMetricCardView.swift */; };
		A10000000000000000000026 /* Features/Dashboard/Components/DashboardTrendChartView.swift in Sources */ = {isa = PBXBuildFile; fileRef = A20000000000000000000029 /* Features/Dashboard/Components/DashboardTrendChartView.swift */; };
		A10000000000000000000027 /* Shared/Theme/AppColors.swift in Sources */ = {isa = PBXBuildFile; fileRef = A2000000000000000000002A /* Shared/Theme/AppColors.swift */; };
		A10000000000000000000028 /* Shared/Motion/AppMotion.swift in Sources */ = {isa = PBXBuildFile; fileRef = A2000000000000000000002B /* Shared/Motion/AppMotion.swift */; };
		A10000000000000000000029 /* Core/Utils/TimeFormatting.swift in Sources */ = {isa = PBXBuildFile; fileRef = A2000000000000000000002C /* Core/Utils/TimeFormatting.swift */; };
		A1000000000000000000002A /* Resources/Assets.xcassets in Resources */ = {isa = PBXBuildFile; fileRef = A2000000000000000000002D /* Resources/Assets.xcassets */; };
		A1000000000000000000002B /* LaunchScreen.storyboard in Resources */ = {isa = PBXBuildFile; fileRef = A2000000000000000000002E /* LaunchScreen.storyboard */; };
		A1000000000000000000002C /* Shared/Components/FloatingTabBar.swift in Sources */ = {isa = PBXBuildFile; fileRef = A2000000000000000000002F /* Shared/Components/FloatingTabBar.swift */; };
		A1000000000000000000002D /* Core/Analysis/WellnessAnalysis.swift in Sources */ = {isa = PBXBuildFile; fileRef = A20000000000000000000030 /* Core/Analysis/WellnessAnalysis.swift */; };
		A1000000000000000000002E /* Core/Analysis/FeatureExtractor.swift in Sources */ = {isa = PBXBuildFile; fileRef = A20000000000000000000031 /* Core/Analysis/FeatureExtractor.swift */; };
		A1000000000000000000002F /* Core/Analysis/WellnessAnalyzer.swift in Sources */ = {isa = PBXBuildFile; fileRef = A20000000000000000000032 /* Core/Analysis/WellnessAnalyzer.swift */; };
		A10000000000000000000030 /* Core/Analysis/AdviceGenerator.swift in Sources */ = {isa = PBXBuildFile; fileRef = A20000000000000000000033 /* Core/Analysis/AdviceGenerator.swift */; };
		A10000000000000000000031 /* Features/Analysis/AnalysisViewModel.swift in Sources */ = {isa = PBXBuildFile; fileRef = A20000000000000000000034 /* Features/Analysis/AnalysisViewModel.swift */; };
		A10000000000000000000032 /* Features/Analysis/Views/AnalysisView.swift in Sources */ = {isa = PBXBuildFile; fileRef = A20000000000000000000035 /* Features/Analysis/Views/AnalysisView.swift */; };
		A10000000000000000000033 /* Features/Dashboard/Components/DashboardHeroSection.swift in Sources */ = {isa = PBXBuildFile; fileRef = A20000000000000000000036 /* Features/Dashboard/Components/DashboardHeroSection.swift */; };
		A10000000000000000000034 /* Features/Dashboard/Components/DashboardAnalysisEntryCard.swift in Sources */ = {isa = PBXBuildFile; fileRef = A20000000000000000000037 /* Features/Dashboard/Components/DashboardAnalysisEntryCard.swift */; };
		A10000000000000000000035 /* Features/Dashboard/Components/DashboardMetricNavigationCard.swift in Sources */ = {isa = PBXBuildFile; fileRef = A20000000000000000000038 /* Features/Dashboard/Components/DashboardMetricNavigationCard.swift */; };
		A10000000000000000000036 /* Features/Dashboard/Components/DashboardKeySignalsSection.swift in Sources */ = {isa = PBXBuildFile; fileRef = A20000000000000000000039 /* Features/Dashboard/Components/DashboardKeySignalsSection.swift */; };
		A10000000000000000000037 /* Features/Dashboard/Components/DashboardDetailGridSection.swift in Sources */ = {isa = PBXBuildFile; fileRef = A2000000000000000000003A /* Features/Dashboard/Components/DashboardDetailGridSection.swift */; };
		A10000000000000000000038 /* Features/Dashboard/Components/DashboardSleepStagesSection.swift in Sources */ = {isa = PBXBuildFile; fileRef = A2000000000000000000003B /* Features/Dashboard/Components/DashboardSleepStagesSection.swift */; };
		A10000000000000000000039 /* Features/Dashboard/Components/DashboardActivityContextSection.swift in Sources */ = {isa = PBXBuildFile; fileRef = A2000000000000000000003C /* Features/Dashboard/Components/DashboardActivityContextSection.swift */; };
		A1000000000000000000003A /* Core/LiveStress/LiveStressSnapshot.swift in Sources */ = {isa = PBXBuildFile; fileRef = A2000000000000000000003D /* Core/LiveStress/LiveStressSnapshot.swift */; };
		A1000000000000000000003B /* Core/LiveStress/LiveStressEstimator.swift in Sources */ = {isa = PBXBuildFile; fileRef = A2000000000000000000003E /* Core/LiveStress/LiveStressEstimator.swift */; };
		A1000000000000000000003C /* Features/Dashboard/Views/LiveStressCard.swift in Sources */ = {isa = PBXBuildFile; fileRef = A2000000000000000000003F /* Features/Dashboard/Views/LiveStressCard.swift */; };
		A1000000000000000000003D /* Core/Models/DailyWellnessCheckIn.swift in Sources */ = {isa = PBXBuildFile; fileRef = A20000000000000000000040 /* Core/Models/DailyWellnessCheckIn.swift */; };
		A1000000000000000000003E /* Core/Analysis/CoreMLWellnessAnalyzer.swift in Sources */ = {isa = PBXBuildFile; fileRef = A20000000000000000000041 /* Core/Analysis/CoreMLWellnessAnalyzer.swift */; };
		A1000000000000000000003F /* Resources/ML/StressWatchWellnessClassifier.mlmodel in Sources */ = {isa = PBXBuildFile; fileRef = A20000000000000000000042 /* Resources/ML/StressWatchWellnessClassifier.mlmodel */; };
		A10000000000000000000040 /* Resources/ML/coreml_class_labels.json in Resources */ = {isa = PBXBuildFile; fileRef = A20000000000000000000043 /* Resources/ML/coreml_class_labels.json */; };
		B10000000000000000000001 /* Shared/Widget/WidgetSnapshot.swift in Sources */ = {isa = PBXBuildFile; fileRef = B20000000000000000000001 /* Shared/Widget/WidgetSnapshot.swift */; };
		B10000000000000000000002 /* Shared/Widget/WidgetStorage.swift in Sources */ = {isa = PBXBuildFile; fileRef = B20000000000000000000002 /* Shared/Widget/WidgetStorage.swift */; };
		B10000000000000000000003 /* Shared/Widget/WidgetSnapshot.swift in Sources */ = {isa = PBXBuildFile; fileRef = B20000000000000000000001 /* Shared/Widget/WidgetSnapshot.swift */; };
		B10000000000000000000004 /* Shared/Widget/WidgetStorage.swift in Sources */ = {isa = PBXBuildFile; fileRef = B20000000000000000000002 /* Shared/Widget/WidgetStorage.swift */; };
		B10000000000000000000005 /* StressWatchWidgetBundle.swift in Sources */ = {isa = PBXBuildFile; fileRef = B20000000000000000000006 /* StressWatchWidgetBundle.swift */; };
		B10000000000000000000006 /* StressWatchWidget.swift in Sources */ = {isa = PBXBuildFile; fileRef = B20000000000000000000007 /* StressWatchWidget.swift */; };
		B10000000000000000000007 /* WidgetEntry.swift in Sources */ = {isa = PBXBuildFile; fileRef = B20000000000000000000008 /* WidgetEntry.swift */; };
		B10000000000000000000008 /* WidgetTimelineProvider.swift in Sources */ = {isa = PBXBuildFile; fileRef = B20000000000000000000009 /* WidgetTimelineProvider.swift */; };
		B10000000000000000000009 /* WidgetColorPalette.swift in Sources */ = {isa = PBXBuildFile; fileRef = B2000000000000000000000A /* WidgetColorPalette.swift */; };
		B1000000000000000000000A /* SmallWidgetView.swift in Sources */ = {isa = PBXBuildFile; fileRef = B2000000000000000000000B /* SmallWidgetView.swift */; };
		B1000000000000000000000B /* MediumWidgetView.swift in Sources */ = {isa = PBXBuildFile; fileRef = B2000000000000000000000C /* MediumWidgetView.swift */; };
		B1000000000000000000000C /* WidgetSharedComponents.swift in Sources */ = {isa = PBXBuildFile; fileRef = B2000000000000000000000D /* WidgetSharedComponents.swift */; };
		B1000000000000000000000D /* StressWatchWidgetExtension.appex in Embed Foundation Extensions */ = {isa = PBXBuildFile; fileRef = B20000000000000000000003 /* StressWatchWidgetExtension.appex */; settings = {ATTRIBUTES = (RemoveHeadersOnCopy, ); }; };
		A10000000000000000000050 /* PersonalizationContext.swift in Sources */ = {isa = PBXBuildFile; fileRef = A20000000000000000000050 /* PersonalizationContext.swift */; };
		A10000000000000000000051 /* PersonalizationEngine.swift in Sources */ = {isa = PBXBuildFile; fileRef = A20000000000000000000051 /* PersonalizationEngine.swift */; };
		A10000000000000000000052 /* PersonalizedAdviceGenerator.swift in Sources */ = {isa = PBXBuildFile; fileRef = A20000000000000000000052 /* PersonalizedAdviceGenerator.swift */; };
		A10000000000000000000053 /* GoalOptimizer.swift in Sources */ = {isa = PBXBuildFile; fileRef = A20000000000000000000053 /* GoalOptimizer.swift */; };
		A10000000000000000000054 /* MiniMaxClient.swift in Sources */ = {isa = PBXBuildFile; fileRef = A20000000000000000000054 /* MiniMaxClient.swift */; };
		A10000000000000000000055 /* LLMPersonalizationService.swift in Sources */ = {isa = PBXBuildFile; fileRef = A20000000000000000000055 /* LLMPersonalizationService.swift */; };
		A10000000000000000000056 /* KeychainStore.swift in Sources */ = {isa = PBXBuildFile; fileRef = A20000000000000000000056 /* KeychainStore.swift */; };
		C10000000000000000000001 /* StressWatchTests.swift in Sources */ = {isa = PBXBuildFile; fileRef = C20000000000000000000001 /* StressWatchTests.swift */; };
		FF1146BEBF419CE42ABC69A5 /* DailyHealthMetrics.swift in Sources */ = {isa = PBXBuildFile; fileRef = G90B6D2CFFA0453851C6B3C2 /* DailyHealthMetrics.swift */; };
		F33FB63E396133882D1CC867 /* MetricAggregation.swift in Sources */ = {isa = PBXBuildFile; fileRef = GADBD1B2F8CE4BF446EE0626 /* MetricAggregation.swift */; };
		FA1D328DB94A1F41918889B1 /* DailyMetricsAggregator.swift in Sources */ = {isa = PBXBuildFile; fileRef = G7FA9A0B03FE413FCA63486F /* DailyMetricsAggregator.swift */; };
		F28B49F6DE768F5A07B5CEED /* TestCalendar.swift in Sources */ = {isa = PBXBuildFile; fileRef = G1657650E6547197AC9EB7B4 /* TestCalendar.swift */; };
		FF5F736E4B7A78576734603E /* HealthMetricFixture.swift in Sources */ = {isa = PBXBuildFile; fileRef = GEAB7D353F58B0BD53BCD485 /* HealthMetricFixture.swift */; };
		F3FF78BC410D5AF33E668731 /* DailyHealthMetricsFixture.swift in Sources */ = {isa = PBXBuildFile; fileRef = G2140CE85F6AD4DCEE6FB7ED /* DailyHealthMetricsFixture.swift */; };
		F5FA704FE9BC7A3EE002C071 /* MetricAggregationTests.swift in Sources */ = {isa = PBXBuildFile; fileRef = G6C6327B153B324D66F31E75 /* MetricAggregationTests.swift */; };
		F2235409D21FC06183299E72 /* DailyMetricsAggregatorTests.swift in Sources */ = {isa = PBXBuildFile; fileRef = G1718CE3293E0603A0BAD8C3 /* DailyMetricsAggregatorTests.swift */; };
		F8F7278FF1C55F677B994C31 /* SleepSession.swift in Sources */ = {isa = PBXBuildFile; fileRef = G559E03D7BC7F887C58D0206 /* SleepSession.swift */; };
		F64DA18AE196FBA1A515D047 /* SleepSessionAggregationTests.swift in Sources */ = {isa = PBXBuildFile; fileRef = G8C8281D903668AB14779164 /* SleepSessionAggregationTests.swift */; };
		F48CC9CC1FC82A0E321E8FFB /* LocalStorageTests.swift in Sources */ = {isa = PBXBuildFile; fileRef = GB1B80C1698F409E869A0929 /* LocalStorageTests.swift */; };
		F52D46B59D3AAE52A232292F /* RobustStatistics.swift in Sources */ = {isa = PBXBuildFile; fileRef = G8F174218B5C6A0CC7ABFC86 /* RobustStatistics.swift */; };
		F634ACC96FDEAFAE367C2570 /* PersonalBaseline.swift in Sources */ = {isa = PBXBuildFile; fileRef = G6776B2949E15B4D0F4B97F5 /* PersonalBaseline.swift */; };
		F17A30D2A8BFBA0FF0B98115 /* PersonalBaselineEngine.swift in Sources */ = {isa = PBXBuildFile; fileRef = G205AB64A9141853680D4563 /* PersonalBaselineEngine.swift */; };
		F88F67E7B277ACA859ADC3A0 /* RobustStatisticsTests.swift in Sources */ = {isa = PBXBuildFile; fileRef = G18755F02C2F9A779EBFD3C7 /* RobustStatisticsTests.swift */; };
		FB0DA5BB8EF39244D64F54D5 /* PersonalBaselineEngineTests.swift in Sources */ = {isa = PBXBuildFile; fileRef = GEAACB6ABE7D69C6607DF811 /* PersonalBaselineEngineTests.swift */; };
		F2AC2D4166CF5ABF3E0A2F2A /* ScoreContribution.swift in Sources */ = {isa = PBXBuildFile; fileRef = G6B7A1EDD7AABA63D6C1AE60 /* ScoreContribution.swift */; };
		F345AF6F460732D431F56863 /* ActivityLoadEngine.swift in Sources */ = {isa = PBXBuildFile; fileRef = G0E4B4ECBBEDE541EF14916E /* ActivityLoadEngine.swift */; };
		FCDBE625B40462EDC3528704 /* SleepQualityEngine.swift in Sources */ = {isa = PBXBuildFile; fileRef = G61B28178323FF6D21E789C8 /* SleepQualityEngine.swift */; };
		F86D8E46B307728102223035 /* DataCompletenessTests.swift in Sources */ = {isa = PBXBuildFile; fileRef = GED792D2E78F80C603D9B81E /* DataCompletenessTests.swift */; };
		F1AE653893A05AA6978E9DB9 /* ActivityLoadEngineTests.swift in Sources */ = {isa = PBXBuildFile; fileRef = GC82B33FACCF778F5D826BD4 /* ActivityLoadEngineTests.swift */; };
		F42879F9E7950926F29F1CAA /* SleepQualityEngineTests.swift in Sources */ = {isa = PBXBuildFile; fileRef = G761571E8E1260BA4388C3DF /* SleepQualityEngineTests.swift */; };
		F32DCB66C06E379CF52C8286 /* PersonalStressEngine.swift in Sources */ = {isa = PBXBuildFile; fileRef = GDD6B26B4825679B0B372FCC /* PersonalStressEngine.swift */; };
		F4EF90CE24890DE5684A4AF8 /* PersonalRecoveryEngine.swift in Sources */ = {isa = PBXBuildFile; fileRef = G383D736E9098C73C3E222DC /* PersonalRecoveryEngine.swift */; };
		FE7986CB71F8A2805B7E92EA /* PersonalStressEngineTests.swift in Sources */ = {isa = PBXBuildFile; fileRef = GA8AF7B38FF6CCCBA623237F /* PersonalStressEngineTests.swift */; };
		FF42D5BA60E66340A5666EB0 /* PersonalRecoveryEngineTests.swift in Sources */ = {isa = PBXBuildFile; fileRef = G44CE1B56821989DCB83948E /* PersonalRecoveryEngineTests.swift */; };
		F7AC631F7D8ED0FCBE07C6C4 /* TrendEngine.swift in Sources */ = {isa = PBXBuildFile; fileRef = GB11415FC89C3BF6AB76BC94 /* TrendEngine.swift */; };
		FC3A2E3C5BBCD7490279E3BB /* TrendEngineTests.swift in Sources */ = {isa = PBXBuildFile; fileRef = G756D086C12BD46E2A663469 /* TrendEngineTests.swift */; };
		F83BADEEC57EFA13EC07B7D9 /* CorrelationPair.swift in Sources */ = {isa = PBXBuildFile; fileRef = G8592B71DFEFC9B679B52C74 /* CorrelationPair.swift */; };
		FD1C877D3C2C852159FBBE4B /* CorrelationEngine.swift in Sources */ = {isa = PBXBuildFile; fileRef = G4814460D27CA74FEE96F878 /* CorrelationEngine.swift */; };
		F5A7D64B96E9BC00FADC5337 /* CorrelationEngineTests.swift in Sources */ = {isa = PBXBuildFile; fileRef = G3EE01B524C4848DCA2C0F3D /* CorrelationEngineTests.swift */; };
/* End PBXBuildFile section */

/* Begin PBXContainerItemProxy section */
		B60000000000000000000001 /* PBXContainerItemProxy */ = {
			isa = PBXContainerItemProxy;
			containerPortal = A60000000000000000000001 /* Project object */;
			proxyType = 1;
			remoteGlobalIDString = B50000000000000000000001;
			remoteInfo = StressWatchWidgetExtension;
		};
		C60000000000000000000001 /* PBXContainerItemProxy */ = {
			isa = PBXContainerItemProxy;
			containerPortal = A60000000000000000000001 /* Project object */;
			proxyType = 1;
			remoteGlobalIDString = A50000000000000000000001;
			remoteInfo = StressWatch;
		};
/* End PBXContainerItemProxy section */

/* Begin PBXCopyFilesBuildPhase section */
		B30000000000000000000004 /* Embed Foundation Extensions */ = {
			isa = PBXCopyFilesBuildPhase;
			buildActionMask = 2147483647;
			dstPath = "";
			dstSubfolderSpec = 13;
			files = (
				B1000000000000000000000D /* StressWatchWidgetExtension.appex in Embed Foundation Extensions */,
			);
			name = "Embed Foundation Extensions";
			runOnlyForDeploymentPostprocessing = 0;
		};
/* End PBXCopyFilesBuildPhase section */

/* Begin PBXFileReference section */
		A20000000000000000000001 /* App/StressWatchApp.swift */ = {isa = PBXFileReference; lastKnownFileType = sourcecode.swift; path = App/StressWatchApp.swift; sourceTree = "<group>"; };
		A20000000000000000000002 /* Core/Models/HealthMetric.swift */ = {isa = PBXFileReference; lastKnownFileType = sourcecode.swift; path = Core/Models/HealthMetric.swift; sourceTree = "<group>"; };
		A20000000000000000000003 /* Core/Models/Baseline.swift */ = {isa = PBXFileReference; lastKnownFileType = sourcecode.swift; path = Core/Models/Baseline.swift; sourceTree = "<group>"; };
		A20000000000000000000004 /* Core/Models/StressScore.swift */ = {isa = PBXFileReference; lastKnownFileType = sourcecode.swift; path = Core/Models/StressScore.swift; sourceTree = "<group>"; };
		A20000000000000000000005 /* Core/Models/RecoveryScore.swift */ = {isa = PBXFileReference; lastKnownFileType = sourcecode.swift; path = Core/Models/RecoveryScore.swift; sourceTree = "<group>"; };
		A20000000000000000000006 /* Core/HealthKit/HealthKitDataProvider.swift */ = {isa = PBXFileReference; lastKnownFileType = sourcecode.swift; path = Core/HealthKit/HealthKitDataProvider.swift; sourceTree = "<group>"; };
		A20000000000000000000007 /* Core/Storage/LocalStorageProtocol.swift */ = {isa = PBXFileReference; lastKnownFileType = sourcecode.swift; path = Core/Storage/LocalStorageProtocol.swift; sourceTree = "<group>"; };
		A20000000000000000000008 /* Core/HealthKit/HealthKitService.swift */ = {isa = PBXFileReference; lastKnownFileType = sourcecode.swift; path = Core/HealthKit/HealthKitService.swift; sourceTree = "<group>"; };
		A20000000000000000000009 /* Core/HealthKit/MockHealthKitService.swift */ = {isa = PBXFileReference; lastKnownFileType = sourcecode.swift; path = Core/HealthKit/MockHealthKitService.swift; sourceTree = "<group>"; };
		A2000000000000000000000A /* Core/Analysis/BaselineEngine.swift */ = {isa = PBXFileReference; lastKnownFileType = sourcecode.swift; path = Core/Analysis/BaselineEngine.swift; sourceTree = "<group>"; };
		A2000000000000000000000B /* Core/Analysis/StressModel.swift */ = {isa = PBXFileReference; lastKnownFileType = sourcecode.swift; path = Core/Analysis/StressModel.swift; sourceTree = "<group>"; };
		A2000000000000000000000C /* Core/Analysis/RecoveryModel.swift */ = {isa = PBXFileReference; lastKnownFileType = sourcecode.swift; path = Core/Analysis/RecoveryModel.swift; sourceTree = "<group>"; };
		A2000000000000000000000D /* Core/Storage/LocalStorage.swift */ = {isa = PBXFileReference; lastKnownFileType = sourcecode.swift; path = Core/Storage/LocalStorage.swift; sourceTree = "<group>"; };
		A2000000000000000000000E /* Features/Dashboard/DashboardViewModel.swift */ = {isa = PBXFileReference; lastKnownFileType = sourcecode.swift; path = Features/Dashboard/DashboardViewModel.swift; sourceTree = "<group>"; };
		A2000000000000000000000F /* Features/Trend/TrendViewModel.swift */ = {isa = PBXFileReference; lastKnownFileType = sourcecode.swift; path = Features/Trend/TrendViewModel.swift; sourceTree = "<group>"; };
		A20000000000000000000010 /* Features/Settings/SettingsViewModel.swift */ = {isa = PBXFileReference; lastKnownFileType = sourcecode.swift; path = Features/Settings/SettingsViewModel.swift; sourceTree = "<group>"; };
		A20000000000000000000011 /* Features/Dashboard/Views/DashboardView.swift */ = {isa = PBXFileReference; lastKnownFileType = sourcecode.swift; path = Features/Dashboard/Views/DashboardView.swift; sourceTree = "<group>"; };
		A20000000000000000000015 /* Features/Trend/Views/TrendView.swift */ = {isa = PBXFileReference; lastKnownFileType = sourcecode.swift; path = Features/Trend/Views/TrendView.swift; sourceTree = "<group>"; };
		A20000000000000000000016 /* Features/Trend/Components/TrendChart.swift */ = {isa = PBXFileReference; lastKnownFileType = sourcecode.swift; path = Features/Trend/Components/TrendChart.swift; sourceTree = "<group>"; };
		A20000000000000000000017 /* Features/Detail/Views/MetricDetailView.swift */ = {isa = PBXFileReference; lastKnownFileType = sourcecode.swift; path = Features/Detail/Views/MetricDetailView.swift; sourceTree = "<group>"; };
		A20000000000000000000018 /* Shared/Charts/MetricChart.swift */ = {isa = PBXFileReference; lastKnownFileType = sourcecode.swift; path = Shared/Charts/MetricChart.swift; sourceTree = "<group>"; };
		A20000000000000000000019 /* Features/Settings/Views/SettingsView.swift */ = {isa = PBXFileReference; lastKnownFileType = sourcecode.swift; path = Features/Settings/Views/SettingsView.swift; sourceTree = "<group>"; };
		A2000000000000000000001A /* HealthKit.framework */ = {isa = PBXFileReference; lastKnownFileType = wrapper.framework; name = HealthKit.framework; path = System/Library/Frameworks/HealthKit.framework; sourceTree = SDKROOT; };
		A2000000000000000000001B /* Charts.framework */ = {isa = PBXFileReference; lastKnownFileType = wrapper.framework; name = Charts.framework; path = System/Library/Frameworks/Charts.framework; sourceTree = SDKROOT; };
		A2000000000000000000001C /* Info.plist */ = {isa = PBXFileReference; lastKnownFileType = text.plist.xml; path = Info.plist; sourceTree = "<group>"; };
		A2000000000000000000001D /* StressWatch.entitlements */ = {isa = PBXFileReference; lastKnownFileType = text.plist.entitlements; path = StressWatch.entitlements; sourceTree = "<group>"; };
		A2000000000000000000001E /* StressWatch.app */ = {isa = PBXFileReference; explicitFileType = wrapper.application; includeInIndex = 0; path = StressWatch.app; sourceTree = BUILT_PRODUCTS_DIR; };
		A2000000000000000000001F /* Core/Utils/MathHelpers.swift */ = {isa = PBXFileReference; lastKnownFileType = sourcecode.swift; path = Core/Utils/MathHelpers.swift; sourceTree = "<group>"; };
		A20000000000000000000020 /* Core/Extensions/DateExtensions.swift */ = {isa = PBXFileReference; lastKnownFileType = sourcecode.swift; path = Core/Extensions/DateExtensions.swift; sourceTree = "<group>"; };
		A20000000000000000000021 /* Shared/Glass/GlassCardView.swift */ = {isa = PBXFileReference; lastKnownFileType = sourcecode.swift; path = Shared/Glass/GlassCardView.swift; sourceTree = "<group>"; };
		A20000000000000000000022 /* Shared/Components/LiquidMetricCard.swift */ = {isa = PBXFileReference; lastKnownFileType = sourcecode.swift; path = Shared/Components/LiquidMetricCard.swift; sourceTree = "<group>"; };
		A20000000000000000000024 /* Shared/Components/GlassSectionHeader.swift */ = {isa = PBXFileReference; lastKnownFileType = sourcecode.swift; path = Shared/Components/GlassSectionHeader.swift; sourceTree = "<group>"; };
		A20000000000000000000025 /* Shared/Components/DataSourceBadge.swift */ = {isa = PBXFileReference; lastKnownFileType = sourcecode.swift; path = Shared/Components/DataSourceBadge.swift; sourceTree = "<group>"; };
		A20000000000000000000026 /* Features/Dashboard/DashboardMetric.swift */ = {isa = PBXFileReference; lastKnownFileType = sourcecode.swift; path = Features/Dashboard/DashboardMetric.swift; sourceTree = "<group>"; };
		A20000000000000000000027 /* Features/Dashboard/Components/DashboardSparklineView.swift */ = {isa = PBXFileReference; lastKnownFileType = sourcecode.swift; path = Features/Dashboard/Components/DashboardSparklineView.swift; sourceTree = "<group>"; };
		A20000000000000000000028 /* Features/Dashboard/Components/DashboardMetricCardView.swift */ = {isa = PBXFileReference; lastKnownFileType = sourcecode.swift; path = Features/Dashboard/Components/DashboardMetricCardView.swift; sourceTree = "<group>"; };
		A20000000000000000000029 /* Features/Dashboard/Components/DashboardTrendChartView.swift */ = {isa = PBXFileReference; lastKnownFileType = sourcecode.swift; path = Features/Dashboard/Components/DashboardTrendChartView.swift; sourceTree = "<group>"; };
		A2000000000000000000002A /* Shared/Theme/AppColors.swift */ = {isa = PBXFileReference; lastKnownFileType = sourcecode.swift; path = Shared/Theme/AppColors.swift; sourceTree = "<group>"; };
		A2000000000000000000002B /* Shared/Motion/AppMotion.swift */ = {isa = PBXFileReference; lastKnownFileType = sourcecode.swift; path = Shared/Motion/AppMotion.swift; sourceTree = "<group>"; };
		A2000000000000000000002C /* Core/Utils/TimeFormatting.swift */ = {isa = PBXFileReference; lastKnownFileType = sourcecode.swift; path = Core/Utils/TimeFormatting.swift; sourceTree = "<group>"; };
		A2000000000000000000002D /* Resources/Assets.xcassets */ = {isa = PBXFileReference; lastKnownFileType = folder.assetcatalog; path = Resources/Assets.xcassets; sourceTree = "<group>"; };
		A2000000000000000000002E /* LaunchScreen.storyboard */ = {isa = PBXFileReference; lastKnownFileType = file.storyboard; path = LaunchScreen.storyboard; sourceTree = "<group>"; };
		A2000000000000000000002F /* Shared/Components/FloatingTabBar.swift */ = {isa = PBXFileReference; lastKnownFileType = sourcecode.swift; path = Shared/Components/FloatingTabBar.swift; sourceTree = "<group>"; };
		A20000000000000000000030 /* Core/Analysis/WellnessAnalysis.swift */ = {isa = PBXFileReference; lastKnownFileType = sourcecode.swift; path = Core/Analysis/WellnessAnalysis.swift; sourceTree = "<group>"; };
		A20000000000000000000031 /* Core/Analysis/FeatureExtractor.swift */ = {isa = PBXFileReference; lastKnownFileType = sourcecode.swift; path = Core/Analysis/FeatureExtractor.swift; sourceTree = "<group>"; };
		A20000000000000000000032 /* Core/Analysis/WellnessAnalyzer.swift */ = {isa = PBXFileReference; lastKnownFileType = sourcecode.swift; path = Core/Analysis/WellnessAnalyzer.swift; sourceTree = "<group>"; };
		A20000000000000000000033 /* Core/Analysis/AdviceGenerator.swift */ = {isa = PBXFileReference; lastKnownFileType = sourcecode.swift; path = Core/Analysis/AdviceGenerator.swift; sourceTree = "<group>"; };
		A20000000000000000000034 /* Features/Analysis/AnalysisViewModel.swift */ = {isa = PBXFileReference; lastKnownFileType = sourcecode.swift; path = Features/Analysis/AnalysisViewModel.swift; sourceTree = "<group>"; };
		A20000000000000000000035 /* Features/Analysis/Views/AnalysisView.swift */ = {isa = PBXFileReference; lastKnownFileType = sourcecode.swift; path = Features/Analysis/Views/AnalysisView.swift; sourceTree = "<group>"; };
		A20000000000000000000036 /* Features/Dashboard/Components/DashboardHeroSection.swift */ = {isa = PBXFileReference; lastKnownFileType = sourcecode.swift; path = Features/Dashboard/Components/DashboardHeroSection.swift; sourceTree = "<group>"; };
		A20000000000000000000037 /* Features/Dashboard/Components/DashboardAnalysisEntryCard.swift */ = {isa = PBXFileReference; lastKnownFileType = sourcecode.swift; path = Features/Dashboard/Components/DashboardAnalysisEntryCard.swift; sourceTree = "<group>"; };
		A20000000000000000000038 /* Features/Dashboard/Components/DashboardMetricNavigationCard.swift */ = {isa = PBXFileReference; lastKnownFileType = sourcecode.swift; path = Features/Dashboard/Components/DashboardMetricNavigationCard.swift; sourceTree = "<group>"; };
		A20000000000000000000039 /* Features/Dashboard/Components/DashboardKeySignalsSection.swift */ = {isa = PBXFileReference; lastKnownFileType = sourcecode.swift; path = Features/Dashboard/Components/DashboardKeySignalsSection.swift; sourceTree = "<group>"; };
		A2000000000000000000003A /* Features/Dashboard/Components/DashboardDetailGridSection.swift */ = {isa = PBXFileReference; lastKnownFileType = sourcecode.swift; path = Features/Dashboard/Components/DashboardDetailGridSection.swift; sourceTree = "<group>"; };
		A2000000000000000000003B /* Features/Dashboard/Components/DashboardSleepStagesSection.swift */ = {isa = PBXFileReference; lastKnownFileType = sourcecode.swift; path = Features/Dashboard/Components/DashboardSleepStagesSection.swift; sourceTree = "<group>"; };
		A2000000000000000000003C /* Features/Dashboard/Components/DashboardActivityContextSection.swift */ = {isa = PBXFileReference; lastKnownFileType = sourcecode.swift; path = Features/Dashboard/Components/DashboardActivityContextSection.swift; sourceTree = "<group>"; };
		A2000000000000000000003D /* Core/LiveStress/LiveStressSnapshot.swift */ = {isa = PBXFileReference; lastKnownFileType = sourcecode.swift; path = Core/LiveStress/LiveStressSnapshot.swift; sourceTree = "<group>"; };
		A2000000000000000000003E /* Core/LiveStress/LiveStressEstimator.swift */ = {isa = PBXFileReference; lastKnownFileType = sourcecode.swift; path = Core/LiveStress/LiveStressEstimator.swift; sourceTree = "<group>"; };
		A2000000000000000000003F /* Features/Dashboard/Views/LiveStressCard.swift */ = {isa = PBXFileReference; lastKnownFileType = sourcecode.swift; path = Features/Dashboard/Views/LiveStressCard.swift; sourceTree = "<group>"; };
		A20000000000000000000040 /* Core/Models/DailyWellnessCheckIn.swift */ = {isa = PBXFileReference; lastKnownFileType = sourcecode.swift; path = Core/Models/DailyWellnessCheckIn.swift; sourceTree = "<group>"; };
		A20000000000000000000041 /* Core/Analysis/CoreMLWellnessAnalyzer.swift */ = {isa = PBXFileReference; lastKnownFileType = sourcecode.swift; path = Core/Analysis/CoreMLWellnessAnalyzer.swift; sourceTree = "<group>"; };
		A20000000000000000000042 /* Resources/ML/StressWatchWellnessClassifier.mlmodel */ = {isa = PBXFileReference; lastKnownFileType = file.mlmodel; path = Resources/ML/StressWatchWellnessClassifier.mlmodel; sourceTree = "<group>"; };
		A20000000000000000000043 /* Resources/ML/coreml_class_labels.json */ = {isa = PBXFileReference; lastKnownFileType = text.json; path = Resources/ML/coreml_class_labels.json; sourceTree = "<group>"; };
		B20000000000000000000001 /* Shared/Widget/WidgetSnapshot.swift */ = {isa = PBXFileReference; lastKnownFileType = sourcecode.swift; path = Shared/Widget/WidgetSnapshot.swift; sourceTree = "<group>"; };
		B20000000000000000000002 /* Shared/Widget/WidgetStorage.swift */ = {isa = PBXFileReference; lastKnownFileType = sourcecode.swift; path = Shared/Widget/WidgetStorage.swift; sourceTree = "<group>"; };
		B20000000000000000000003 /* StressWatchWidgetExtension.appex */ = {isa = PBXFileReference; explicitFileType = "wrapper.app-extension"; includeInIndex = 0; path = StressWatchWidgetExtension.appex; sourceTree = BUILT_PRODUCTS_DIR; };
		B20000000000000000000004 /* Info.plist */ = {isa = PBXFileReference; lastKnownFileType = text.plist.xml; path = Info.plist; sourceTree = "<group>"; };
		B20000000000000000000005 /* StressWatchWidgetExtension.entitlements */ = {isa = PBXFileReference; lastKnownFileType = text.plist.entitlements; path = StressWatchWidgetExtension.entitlements; sourceTree = "<group>"; };
		B20000000000000000000006 /* StressWatchWidgetBundle.swift */ = {isa = PBXFileReference; lastKnownFileType = sourcecode.swift; path = StressWatchWidgetBundle.swift; sourceTree = "<group>"; };
		B20000000000000000000007 /* StressWatchWidget.swift */ = {isa = PBXFileReference; lastKnownFileType = sourcecode.swift; path = StressWatchWidget.swift; sourceTree = "<group>"; };
		B20000000000000000000008 /* WidgetEntry.swift */ = {isa = PBXFileReference; lastKnownFileType = sourcecode.swift; path = WidgetEntry.swift; sourceTree = "<group>"; };
		B20000000000000000000009 /* WidgetTimelineProvider.swift */ = {isa = PBXFileReference; lastKnownFileType = sourcecode.swift; path = WidgetTimelineProvider.swift; sourceTree = "<group>"; };
		B2000000000000000000000A /* WidgetColorPalette.swift */ = {isa = PBXFileReference; lastKnownFileType = sourcecode.swift; path = WidgetColorPalette.swift; sourceTree = "<group>"; };
		B2000000000000000000000B /* SmallWidgetView.swift */ = {isa = PBXFileReference; lastKnownFileType = sourcecode.swift; path = SmallWidgetView.swift; sourceTree = "<group>"; };
		B2000000000000000000000C /* MediumWidgetView.swift */ = {isa = PBXFileReference; lastKnownFileType = sourcecode.swift; path = MediumWidgetView.swift; sourceTree = "<group>"; };
		B2000000000000000000000D /* WidgetSharedComponents.swift */ = {isa = PBXFileReference; lastKnownFileType = sourcecode.swift; path = WidgetSharedComponents.swift; sourceTree = "<group>"; };
		A20000000000000000000050 /* PersonalizationContext.swift */ = {isa = PBXFileReference; lastKnownFileType = sourcecode.swift; path = Core/Analysis/PersonalizationContext.swift; sourceTree = "<group>"; };
		A20000000000000000000051 /* PersonalizationEngine.swift */ = {isa = PBXFileReference; lastKnownFileType = sourcecode.swift; path = Core/Analysis/PersonalizationEngine.swift; sourceTree = "<group>"; };
		A20000000000000000000052 /* PersonalizedAdviceGenerator.swift */ = {isa = PBXFileReference; lastKnownFileType = sourcecode.swift; path = Core/Analysis/PersonalizedAdviceGenerator.swift; sourceTree = "<group>"; };
		A20000000000000000000053 /* GoalOptimizer.swift */ = {isa = PBXFileReference; lastKnownFileType = sourcecode.swift; path = Core/Analysis/GoalOptimizer.swift; sourceTree = "<group>"; };
		A20000000000000000000054 /* MiniMaxClient.swift */ = {isa = PBXFileReference; lastKnownFileType = sourcecode.swift; path = Core/Analysis/LLM/MiniMaxClient.swift; sourceTree = "<group>"; };
		A20000000000000000000055 /* LLMPersonalizationService.swift */ = {isa = PBXFileReference; lastKnownFileType = sourcecode.swift; path = Core/Analysis/LLM/LLMPersonalizationService.swift; sourceTree = "<group>"; };
		A20000000000000000000056 /* KeychainStore.swift */ = {isa = PBXFileReference; lastKnownFileType = sourcecode.swift; path = Core/Security/KeychainStore.swift; sourceTree = "<group>"; };
		C20000000000000000000001 /* StressWatchTests.swift */ = {isa = PBXFileReference; lastKnownFileType = sourcecode.swift; path = StressWatchTests.swift; sourceTree = "<group>"; };
		C20000000000000000000002 /* StressWatchTests.xctest */ = {isa = PBXFileReference; explicitFileType = wrapper.cfbundle; includeInIndex = 0; path = StressWatchTests.xctest; sourceTree = BUILT_PRODUCTS_DIR; };
		G90B6D2CFFA0453851C6B3C2 /* DailyHealthMetrics.swift */ = {isa = PBXFileReference; lastKnownFileType = sourcecode.swift; path = Core/Analysis/Metrics/DailyHealthMetrics.swift; sourceTree = "<group>"; };
		GADBD1B2F8CE4BF446EE0626 /* MetricAggregation.swift */ = {isa = PBXFileReference; lastKnownFileType = sourcecode.swift; path = Core/Analysis/Metrics/MetricAggregation.swift; sourceTree = "<group>"; };
		G7FA9A0B03FE413FCA63486F /* DailyMetricsAggregator.swift */ = {isa = PBXFileReference; lastKnownFileType = sourcecode.swift; path = Core/Analysis/Metrics/DailyMetricsAggregator.swift; sourceTree = "<group>"; };
		G1657650E6547197AC9EB7B4 /* TestCalendar.swift */ = {isa = PBXFileReference; lastKnownFileType = sourcecode.swift; path = TestCalendar.swift; sourceTree = "<group>"; };
		GEAB7D353F58B0BD53BCD485 /* HealthMetricFixture.swift */ = {isa = PBXFileReference; lastKnownFileType = sourcecode.swift; path = HealthMetricFixture.swift; sourceTree = "<group>"; };
		G2140CE85F6AD4DCEE6FB7ED /* DailyHealthMetricsFixture.swift */ = {isa = PBXFileReference; lastKnownFileType = sourcecode.swift; path = DailyHealthMetricsFixture.swift; sourceTree = "<group>"; };
		G6C6327B153B324D66F31E75 /* MetricAggregationTests.swift */ = {isa = PBXFileReference; lastKnownFileType = sourcecode.swift; path = MetricAggregationTests.swift; sourceTree = "<group>"; };
		G1718CE3293E0603A0BAD8C3 /* DailyMetricsAggregatorTests.swift */ = {isa = PBXFileReference; lastKnownFileType = sourcecode.swift; path = DailyMetricsAggregatorTests.swift; sourceTree = "<group>"; };
		G559E03D7BC7F887C58D0206 /* SleepSession.swift */ = {isa = PBXFileReference; lastKnownFileType = sourcecode.swift; path = Core/Models/SleepSession.swift; sourceTree = "<group>"; };
		G8C8281D903668AB14779164 /* SleepSessionAggregationTests.swift */ = {isa = PBXFileReference; lastKnownFileType = sourcecode.swift; path = SleepSessionAggregationTests.swift; sourceTree = "<group>"; };
		GB1B80C1698F409E869A0929 /* LocalStorageTests.swift */ = {isa = PBXFileReference; lastKnownFileType = sourcecode.swift; path = LocalStorageTests.swift; sourceTree = "<group>"; };
		G8F174218B5C6A0CC7ABFC86 /* RobustStatistics.swift */ = {isa = PBXFileReference; lastKnownFileType = sourcecode.swift; path = Core/Analysis/Baseline/RobustStatistics.swift; sourceTree = "<group>"; };
		G6776B2949E15B4D0F4B97F5 /* PersonalBaseline.swift */ = {isa = PBXFileReference; lastKnownFileType = sourcecode.swift; path = Core/Analysis/Baseline/PersonalBaseline.swift; sourceTree = "<group>"; };
		G205AB64A9141853680D4563 /* PersonalBaselineEngine.swift */ = {isa = PBXFileReference; lastKnownFileType = sourcecode.swift; path = Core/Analysis/Baseline/PersonalBaselineEngine.swift; sourceTree = "<group>"; };
		G18755F02C2F9A779EBFD3C7 /* RobustStatisticsTests.swift */ = {isa = PBXFileReference; lastKnownFileType = sourcecode.swift; path = RobustStatisticsTests.swift; sourceTree = "<group>"; };
		GEAACB6ABE7D69C6607DF811 /* PersonalBaselineEngineTests.swift */ = {isa = PBXFileReference; lastKnownFileType = sourcecode.swift; path = PersonalBaselineEngineTests.swift; sourceTree = "<group>"; };
		G6B7A1EDD7AABA63D6C1AE60 /* ScoreContribution.swift */ = {isa = PBXFileReference; lastKnownFileType = sourcecode.swift; path = Core/Analysis/Scoring/ScoreContribution.swift; sourceTree = "<group>"; };
		G0E4B4ECBBEDE541EF14916E /* ActivityLoadEngine.swift */ = {isa = PBXFileReference; lastKnownFileType = sourcecode.swift; path = Core/Analysis/Scoring/ActivityLoadEngine.swift; sourceTree = "<group>"; };
		G61B28178323FF6D21E789C8 /* SleepQualityEngine.swift */ = {isa = PBXFileReference; lastKnownFileType = sourcecode.swift; path = Core/Analysis/Scoring/SleepQualityEngine.swift; sourceTree = "<group>"; };
		GED792D2E78F80C603D9B81E /* DataCompletenessTests.swift */ = {isa = PBXFileReference; lastKnownFileType = sourcecode.swift; path = DataCompletenessTests.swift; sourceTree = "<group>"; };
		GC82B33FACCF778F5D826BD4 /* ActivityLoadEngineTests.swift */ = {isa = PBXFileReference; lastKnownFileType = sourcecode.swift; path = ActivityLoadEngineTests.swift; sourceTree = "<group>"; };
		G761571E8E1260BA4388C3DF /* SleepQualityEngineTests.swift */ = {isa = PBXFileReference; lastKnownFileType = sourcecode.swift; path = SleepQualityEngineTests.swift; sourceTree = "<group>"; };
		GDD6B26B4825679B0B372FCC /* PersonalStressEngine.swift */ = {isa = PBXFileReference; lastKnownFileType = sourcecode.swift; path = Core/Analysis/Scoring/PersonalStressEngine.swift; sourceTree = "<group>"; };
		G383D736E9098C73C3E222DC /* PersonalRecoveryEngine.swift */ = {isa = PBXFileReference; lastKnownFileType = sourcecode.swift; path = Core/Analysis/Scoring/PersonalRecoveryEngine.swift; sourceTree = "<group>"; };
		GA8AF7B38FF6CCCBA623237F /* PersonalStressEngineTests.swift */ = {isa = PBXFileReference; lastKnownFileType = sourcecode.swift; path = PersonalStressEngineTests.swift; sourceTree = "<group>"; };
		G44CE1B56821989DCB83948E /* PersonalRecoveryEngineTests.swift */ = {isa = PBXFileReference; lastKnownFileType = sourcecode.swift; path = PersonalRecoveryEngineTests.swift; sourceTree = "<group>"; };
		GB11415FC89C3BF6AB76BC94 /* TrendEngine.swift */ = {isa = PBXFileReference; lastKnownFileType = sourcecode.swift; path = Core/Analysis/Trend/TrendEngine.swift; sourceTree = "<group>"; };
		G756D086C12BD46E2A663469 /* TrendEngineTests.swift */ = {isa = PBXFileReference; lastKnownFileType = sourcecode.swift; path = TrendEngineTests.swift; sourceTree = "<group>"; };
		G8592B71DFEFC9B679B52C74 /* CorrelationPair.swift */ = {isa = PBXFileReference; lastKnownFileType = sourcecode.swift; path = Core/Analysis/Correlation/CorrelationPair.swift; sourceTree = "<group>"; };
		G4814460D27CA74FEE96F878 /* CorrelationEngine.swift */ = {isa = PBXFileReference; lastKnownFileType = sourcecode.swift; path = Core/Analysis/Correlation/CorrelationEngine.swift; sourceTree = "<group>"; };
		G3EE01B524C4848DCA2C0F3D /* CorrelationEngineTests.swift */ = {isa = PBXFileReference; lastKnownFileType = sourcecode.swift; path = CorrelationEngineTests.swift; sourceTree = "<group>"; };
/* End PBXFileReference section */

/* Begin PBXFrameworksBuildPhase section */
		A30000000000000000000001 /* Frameworks */ = {
			isa = PBXFrameworksBuildPhase;
			buildActionMask = 2147483647;
			files = (
				A1000000000000000000001A /* HealthKit.framework in Frameworks */,
				A1000000000000000000001B /* Charts.framework in Frameworks */,
			);
			runOnlyForDeploymentPostprocessing = 0;
		};
		B30000000000000000000002 /* Frameworks */ = {
			isa = PBXFrameworksBuildPhase;
			buildActionMask = 2147483647;
			files = (
			);
			runOnlyForDeploymentPostprocessing = 0;
		};
		C30000000000000000000002 /* Frameworks */ = {
			isa = PBXFrameworksBuildPhase;
			buildActionMask = 2147483647;
			files = (
			);
			runOnlyForDeploymentPostprocessing = 0;
		};
/* End PBXFrameworksBuildPhase section */

/* Begin PBXGroup section */
		A40000000000000000000001 = {
			isa = PBXGroup;
			children = (
				A40000000000000000000002 /* StressWatch */,
				B40000000000000000000002 /* StressWatchWidgetExtension */,
				C40000000000000000000001 /* StressWatchTests */,
				A40000000000000000000003 /* Frameworks */,
				A40000000000000000000004 /* Products */,
			);
			sourceTree = "<group>";
		};
		A40000000000000000000002 /* StressWatch */ = {
			isa = PBXGroup;
			children = (
				H40F1E4E65347A8F69F17C30 /* Correlation */,
				H0F592569BC4BE550526D742 /* Trend */,
				H04BE0ED06348AABBC78A8AC /* Scoring */,
				H9AE531BF3C675400E515ADE /* Core */,
				A40000000000000000000010 /* App */,
				A40000000000000000000011 /* Core */,
				A40000000000000000000016 /* Features */,
				A40000000000000000000017 /* Shared */,
				A4000000000000000000001C /* Supporting Files */,
			);
			path = StressWatch;
			sourceTree = "<group>";
		};
		A40000000000000000000003 /* Frameworks */ = {
			isa = PBXGroup;
			children = (
				HBA3A32CF4B80ECC959E94EB /* Analysis */,
				A2000000000000000000001A /* HealthKit.framework */,
				A2000000000000000000001B /* Charts.framework */,
			);
			name = Frameworks;
			sourceTree = "<group>";
		};
		A40000000000000000000004 /* Products */ = {
			isa = PBXGroup;
			children = (
				HCAD0C541AA76758F1603897 /* Correlation */,
				HB2C4FC0C725552A0F98A882 /* Trend */,
				H9420B95B5E8EAF7558B2800 /* Scoring */,
				A2000000000000000000001E /* StressWatch.app */,
				B20000000000000000000003 /* StressWatchWidgetExtension.appex */,
				C20000000000000000000002 /* StressWatchTests.xctest */,
			);
			name = Products;
			sourceTree = "<group>";
		};
		A40000000000000000000010 /* App */ = {
			isa = PBXGroup;
			children = (
				A20000000000000000000001 /* App/StressWatchApp.swift */,
			);
			name = App;
			sourceTree = "<group>";
		};
		A40000000000000000000011 /* Core */ = {
			isa = PBXGroup;
			children = (
				A40000000000000000000024 /* HealthKit */,
				A40000000000000000000025 /* Storage */,
				A40000000000000000000026 /* Analysis */,
				A40000000000000000000027 /* Models */,
				A4000000000000000000002F /* LiveStress */,
				A40000000000000000000031 /* Security */,
				A40000000000000000000028 /* Utils */,
				A40000000000000000000029 /* Extensions */,
			);
			name = Core;
			sourceTree = "<group>";
		};
		A40000000000000000000016 /* Features */ = {
			isa = PBXGroup;
			children = (
				A40000000000000000000018 /* Dashboard */,
				A40000000000000000000019 /* Trend */,
				A4000000000000000000001A /* Detail */,
				A4000000000000000000001E /* Analysis */,
				A4000000000000000000001D /* Settings */,
			);
			name = Features;
			sourceTree = "<group>";
		};
		A40000000000000000000017 /* Shared */ = {
			isa = PBXGroup;
			children = (
				B40000000000000000000001 /* Widget */,
				A4000000000000000000002B /* Components */,
				A4000000000000000000002C /* Charts */,
				A4000000000000000000002D /* Motion */,
				A4000000000000000000002E /* Glass */,
				A4000000000000000000002A /* Theme */,
			);
			name = Shared;
			sourceTree = "<group>";
		};
		A40000000000000000000018 /* Dashboard */ = {
			isa = PBXGroup;
			children = (
				A2000000000000000000000E /* Features/Dashboard/DashboardViewModel.swift */,
				A20000000000000000000026 /* Features/Dashboard/DashboardMetric.swift */,
				A20000000000000000000011 /* Features/Dashboard/Views/DashboardView.swift */,
				A2000000000000000000003F /* Features/Dashboard/Views/LiveStressCard.swift */,
				A20000000000000000000027 /* Features/Dashboard/Components/DashboardSparklineView.swift */,
				A20000000000000000000028 /* Features/Dashboard/Components/DashboardMetricCardView.swift */,
				A20000000000000000000029 /* Features/Dashboard/Components/DashboardTrendChartView.swift */,
				A20000000000000000000036 /* Features/Dashboard/Components/DashboardHeroSection.swift */,
				A20000000000000000000037 /* Features/Dashboard/Components/DashboardAnalysisEntryCard.swift */,
				A20000000000000000000038 /* Features/Dashboard/Components/DashboardMetricNavigationCard.swift */,
				A20000000000000000000039 /* Features/Dashboard/Components/DashboardKeySignalsSection.swift */,
				A2000000000000000000003A /* Features/Dashboard/Components/DashboardDetailGridSection.swift */,
				A2000000000000000000003B /* Features/Dashboard/Components/DashboardSleepStagesSection.swift */,
				A2000000000000000000003C /* Features/Dashboard/Components/DashboardActivityContextSection.swift */,
			);
			name = Dashboard;
			sourceTree = "<group>";
		};
		A40000000000000000000019 /* Trend */ = {
			isa = PBXGroup;
			children = (
				A2000000000000000000000F /* Features/Trend/TrendViewModel.swift */,
				A20000000000000000000015 /* Features/Trend/Views/TrendView.swift */,
				A20000000000000000000016 /* Features/Trend/Components/TrendChart.swift */,
			);
			name = Trend;
			sourceTree = "<group>";
		};
		A4000000000000000000001A /* Detail */ = {
			isa = PBXGroup;
			children = (
				A20000000000000000000017 /* Features/Detail/Views/MetricDetailView.swift */,
			);
			name = Detail;
			sourceTree = "<group>";
		};
		A4000000000000000000001C /* Supporting Files */ = {
			isa = PBXGroup;
			children = (
				A2000000000000000000002D /* Resources/Assets.xcassets */,
				A20000000000000000000042 /* Resources/ML/StressWatchWellnessClassifier.mlmodel */,
				A20000000000000000000043 /* Resources/ML/coreml_class_labels.json */,
				A2000000000000000000002E /* LaunchScreen.storyboard */,
				A2000000000000000000001C /* Info.plist */,
				A2000000000000000000001D /* StressWatch.entitlements */,
			);
			name = "Supporting Files";
			sourceTree = "<group>";
		};
		A4000000000000000000001D /* Settings */ = {
			isa = PBXGroup;
			children = (
				A20000000000000000000010 /* Features/Settings/SettingsViewModel.swift */,
				A20000000000000000000019 /* Features/Settings/Views/SettingsView.swift */,
			);
			name = Settings;
			sourceTree = "<group>";
		};
		A4000000000000000000001E /* Analysis */ = {
			isa = PBXGroup;
			children = (
				A20000000000000000000034 /* Features/Analysis/AnalysisViewModel.swift */,
				A20000000000000000000035 /* Features/Analysis/Views/AnalysisView.swift */,
			);
			name = Analysis;
			sourceTree = "<group>";
		};
		A40000000000000000000024 /* HealthKit */ = {
			isa = PBXGroup;
			children = (
				A20000000000000000000006 /* Core/HealthKit/HealthKitDataProvider.swift */,
				A20000000000000000000008 /* Core/HealthKit/HealthKitService.swift */,
				A20000000000000000000009 /* Core/HealthKit/MockHealthKitService.swift */,
			);
			name = HealthKit;
			sourceTree = "<group>";
		};
		A40000000000000000000025 /* Storage */ = {
			isa = PBXGroup;
			children = (
				A20000000000000000000007 /* Core/Storage/LocalStorageProtocol.swift */,
				A2000000000000000000000D /* Core/Storage/LocalStorage.swift */,
			);
			name = Storage;
			sourceTree = "<group>";
		};
		A40000000000000000000026 /* Analysis */ = {
			isa = PBXGroup;
			children = (
				A2000000000000000000000A /* Core/Analysis/BaselineEngine.swift */,
				A2000000000000000000000B /* Core/Analysis/StressModel.swift */,
				A2000000000000000000000C /* Core/Analysis/RecoveryModel.swift */,
				A20000000000000000000030 /* Core/Analysis/WellnessAnalysis.swift */,
				A20000000000000000000031 /* Core/Analysis/FeatureExtractor.swift */,
				A20000000000000000000032 /* Core/Analysis/WellnessAnalyzer.swift */,
				A20000000000000000000041 /* Core/Analysis/CoreMLWellnessAnalyzer.swift */,
				A20000000000000000000033 /* Core/Analysis/AdviceGenerator.swift */,
				A20000000000000000000050 /* Core/Analysis/PersonalizationContext.swift */,
				A20000000000000000000051 /* Core/Analysis/PersonalizationEngine.swift */,
				A20000000000000000000052 /* Core/Analysis/PersonalizedAdviceGenerator.swift */,
				A20000000000000000000053 /* Core/Analysis/GoalOptimizer.swift */,
				A40000000000000000000032 /* Metrics */,
				A40000000000000000000033 /* Baseline */,
				A40000000000000000000034 /* Scoring */,
				A40000000000000000000035 /* Trend */,
				A40000000000000000000036 /* Correlation */,
				A40000000000000000000030 /* LLM */,
			);
			name = Analysis;
			sourceTree = "<group>";
		};
		A40000000000000000000032 /* Metrics */ = {
			isa = PBXGroup;
			children = (
				G90B6D2CFFA0453851C6B3C2 /* DailyHealthMetrics.swift */,
				GADBD1B2F8CE4BF446EE0626 /* MetricAggregation.swift */,
				G7FA9A0B03FE413FCA63486F /* DailyMetricsAggregator.swift */,
			);
			name = Metrics;
			sourceTree = "<group>";
		};
		A40000000000000000000033 /* Baseline */ = {
			isa = PBXGroup;
			children = (
				G8F174218B5C6A0CC7ABFC86 /* RobustStatistics.swift */,
				G6776B2949E15B4D0F4B97F5 /* PersonalBaseline.swift */,
				G205AB64A9141853680D4563 /* PersonalBaselineEngine.swift */,
			);
			name = Baseline;
			sourceTree = "<group>";
		};
		A40000000000000000000034 /* Scoring */ = {
			isa = PBXGroup;
			children = (
				G6B7A1EDD7AABA63D6C1AE60 /* ScoreContribution.swift */,
				G0E4B4ECBBEDE541EF14916E /* ActivityLoadEngine.swift */,
				G61B28178323FF6D21E789C8 /* SleepQualityEngine.swift */,
				GDD6B26B4825679B0B372FCC /* PersonalStressEngine.swift */,
				G383D736E9098C73C3E222DC /* PersonalRecoveryEngine.swift */,
			);
			name = Scoring;
			sourceTree = "<group>";
		};
		A40000000000000000000027 /* Models */ = {
			isa = PBXGroup;
			children = (
				A20000000000000000000002 /* Core/Models/HealthMetric.swift */,
				A20000000000000000000003 /* Core/Models/Baseline.swift */,
				A20000000000000000000004 /* Core/Models/StressScore.swift */,
				A20000000000000000000005 /* Core/Models/RecoveryScore.swift */,
				A20000000000000000000040 /* Core/Models/DailyWellnessCheckIn.swift */,
				G559E03D7BC7F887C58D0206 /* SleepSession.swift */,
			);
			name = Models;
			sourceTree = "<group>";
		};
		A40000000000000000000028 /* Utils */ = {
			isa = PBXGroup;
			children = (
				A2000000000000000000001F /* Core/Utils/MathHelpers.swift */,
				A2000000000000000000002C /* Core/Utils/TimeFormatting.swift */,
			);
			name = Utils;
			sourceTree = "<group>";
		};
		A40000000000000000000029 /* Extensions */ = {
			isa = PBXGroup;
			children = (
				A20000000000000000000020 /* Core/Extensions/DateExtensions.swift */,
			);
			name = Extensions;
			sourceTree = "<group>";
		};
		A4000000000000000000002A /* Theme */ = {
			isa = PBXGroup;
			children = (
				A2000000000000000000002A /* Shared/Theme/AppColors.swift */,
			);
			name = Theme;
			sourceTree = "<group>";
		};
		A4000000000000000000002B /* Components */ = {
			isa = PBXGroup;
			children = (
				A20000000000000000000022 /* Shared/Components/LiquidMetricCard.swift */,
				A20000000000000000000024 /* Shared/Components/GlassSectionHeader.swift */,
				A20000000000000000000025 /* Shared/Components/DataSourceBadge.swift */,
				A2000000000000000000002F /* Shared/Components/FloatingTabBar.swift */,
			);
			name = Components;
			sourceTree = "<group>";
		};
		A4000000000000000000002C /* Charts */ = {
			isa = PBXGroup;
			children = (
				A20000000000000000000018 /* Shared/Charts/MetricChart.swift */,
			);
			name = Charts;
			sourceTree = "<group>";
		};
		A4000000000000000000002D /* Motion */ = {
			isa = PBXGroup;
			children = (
				A2000000000000000000002B /* Shared/Motion/AppMotion.swift */,
			);
			name = Motion;
			sourceTree = "<group>";
		};
		A4000000000000000000002E /* Glass */ = {
			isa = PBXGroup;
			children = (
				A20000000000000000000021 /* Shared/Glass/GlassCardView.swift */,
			);
			name = Glass;
			sourceTree = "<group>";
		};
		A40000000000000000000030 /* LLM */ = {
			isa = PBXGroup;
			children = (
				A20000000000000000000054 /* MiniMaxClient.swift */,
				A20000000000000000000055 /* LLMPersonalizationService.swift */,
			);
			name = LLM;
			sourceTree = "<group>";
		};
		A40000000000000000000031 /* Security */ = {
			isa = PBXGroup;
			children = (
				A20000000000000000000056 /* KeychainStore.swift */,
			);
			name = Security;
			sourceTree = "<group>";
		};
		A4000000000000000000002F /* LiveStress */ = {
			isa = PBXGroup;
			children = (
				A2000000000000000000003D /* Core/LiveStress/LiveStressSnapshot.swift */,
				A2000000000000000000003E /* Core/LiveStress/LiveStressEstimator.swift */,
			);
			name = LiveStress;
			sourceTree = "<group>";
		};
		B40000000000000000000001 /* Widget */ = {
			isa = PBXGroup;
			children = (
				B20000000000000000000001 /* Shared/Widget/WidgetSnapshot.swift */,
				B20000000000000000000002 /* Shared/Widget/WidgetStorage.swift */,
			);
			name = Widget;
			sourceTree = "<group>";
		};
		B40000000000000000000002 /* StressWatchWidgetExtension */ = {
			isa = PBXGroup;
			children = (
				B40000000000000000000003 /* Widget */,
				B20000000000000000000004 /* Info.plist */,
				B20000000000000000000005 /* StressWatchWidgetExtension.entitlements */,
			);
			path = StressWatchWidgetExtension;
			sourceTree = "<group>";
		};
		B40000000000000000000003 /* Widget */ = {
			isa = PBXGroup;
			children = (
				B20000000000000000000006 /* StressWatchWidgetBundle.swift */,
				B20000000000000000000007 /* StressWatchWidget.swift */,
				B20000000000000000000008 /* WidgetEntry.swift */,
				B20000000000000000000009 /* WidgetTimelineProvider.swift */,
				B2000000000000000000000A /* WidgetColorPalette.swift */,
				B40000000000000000000004 /* Views */,
			);
			path = Widget;
			sourceTree = "<group>";
		};
		B40000000000000000000004 /* Views */ = {
			isa = PBXGroup;
			children = (
				B2000000000000000000000B /* SmallWidgetView.swift */,
				B2000000000000000000000C /* MediumWidgetView.swift */,
				B2000000000000000000000D /* WidgetSharedComponents.swift */,
			);
			path = Views;
			sourceTree = "<group>";
		};
		C40000000000000000000001 /* StressWatchTests */ = {
			isa = PBXGroup;
			children = (
				C20000000000000000000001 /* StressWatchTests.swift */,
				C40000000000000000000010 /* Metrics */,
				C40000000000000000000013 /* Baseline */,
				C40000000000000000000014 /* Scoring */,
				C40000000000000000000015 /* Trend */,
				C40000000000000000000016 /* Correlation */,
				C40000000000000000000011 /* Storage */,
				C40000000000000000000012 /* Support */,
			);
			path = StressWatchTests;
			sourceTree = "<group>";
		};
		C40000000000000000000010 /* Metrics */ = {
			isa = PBXGroup;
			children = (
				G1718CE3293E0603A0BAD8C3 /* DailyMetricsAggregatorTests.swift */,
				G6C6327B153B324D66F31E75 /* MetricAggregationTests.swift */,
				G8C8281D903668AB14779164 /* SleepSessionAggregationTests.swift */,
			);
			path = Metrics;
			sourceTree = "<group>";
		};
		C40000000000000000000013 /* Baseline */ = {
			isa = PBXGroup;
			children = (
				G18755F02C2F9A779EBFD3C7 /* RobustStatisticsTests.swift */,
				GEAACB6ABE7D69C6607DF811 /* PersonalBaselineEngineTests.swift */,
			);
			path = Baseline;
			sourceTree = "<group>";
		};
		C40000000000000000000014 /* Scoring */ = {
			isa = PBXGroup;
			children = (
				GED792D2E78F80C603D9B81E /* DataCompletenessTests.swift */,
				GC82B33FACCF778F5D826BD4 /* ActivityLoadEngineTests.swift */,
				G761571E8E1260BA4388C3DF /* SleepQualityEngineTests.swift */,
				GA8AF7B38FF6CCCBA623237F /* PersonalStressEngineTests.swift */,
				G44CE1B56821989DCB83948E /* PersonalRecoveryEngineTests.swift */,
			);
			path = Scoring;
			sourceTree = "<group>";
		};
		C40000000000000000000011 /* Storage */ = {
			isa = PBXGroup;
			children = (
				GB1B80C1698F409E869A0929 /* LocalStorageTests.swift */,
			);
			path = Storage;
			sourceTree = "<group>";
		};
		C40000000000000000000012 /* Support */ = {
			isa = PBXGroup;
			children = (
				G1657650E6547197AC9EB7B4 /* TestCalendar.swift */,
				GEAB7D353F58B0BD53BCD485 /* HealthMetricFixture.swift */,
				G2140CE85F6AD4DCEE6FB7ED /* DailyHealthMetricsFixture.swift */,
			);
			path = Support;
			sourceTree = "<group>";
		};
		H9AE531BF3C675400E515ADE /* Core */ = {
			isa = PBXGroup;
			children = (
			);
			path = Core;
			sourceTree = "<group>";
		};
		HBA3A32CF4B80ECC959E94EB /* Analysis */ = {
			isa = PBXGroup;
			children = (
			);
			path = Analysis;
			sourceTree = "<group>";
		};
		H9420B95B5E8EAF7558B2800 /* Scoring */ = {
			isa = PBXGroup;
			children = (
			);
			path = Scoring;
			sourceTree = "<group>";
		};
		H04BE0ED06348AABBC78A8AC /* Scoring */ = {
			isa = PBXGroup;
			children = (
			);
			path = Scoring;
			sourceTree = "<group>";
		};
		HB2C4FC0C725552A0F98A882 /* Trend */ = {
			isa = PBXGroup;
			children = (
			);
			path = Trend;
			sourceTree = "<group>";
		};
		H0F592569BC4BE550526D742 /* Trend */ = {
			isa = PBXGroup;
			children = (
			);
			path = Trend;
			sourceTree = "<group>";
		};
		A40000000000000000000035 /* Trend */ = {
			isa = PBXGroup;
			children = (
				GB11415FC89C3BF6AB76BC94 /* TrendEngine.swift */,
			);
			name = Trend;
			sourceTree = "<group>";
		};
		C40000000000000000000015 /* Trend */ = {
			isa = PBXGroup;
			children = (
				G756D086C12BD46E2A663469 /* TrendEngineTests.swift */,
			);
			path = Trend;
			sourceTree = "<group>";
		};
		HCAD0C541AA76758F1603897 /* Correlation */ = {
			isa = PBXGroup;
			children = (
			);
			path = Correlation;
			sourceTree = "<group>";
		};
		H40F1E4E65347A8F69F17C30 /* Correlation */ = {
			isa = PBXGroup;
			children = (
			);
			path = Correlation;
			sourceTree = "<group>";
		};
		A40000000000000000000036 /* Correlation */ = {
			isa = PBXGroup;
			children = (
				G8592B71DFEFC9B679B52C74 /* CorrelationPair.swift */,
				G4814460D27CA74FEE96F878 /* CorrelationEngine.swift */,
			);
			name = Correlation;
			sourceTree = "<group>";
		};
		C40000000000000000000016 /* Correlation */ = {
			isa = PBXGroup;
			children = (
				G3EE01B524C4848DCA2C0F3D /* CorrelationEngineTests.swift */,
			);
			path = Correlation;
			sourceTree = "<group>";
		};
/* End PBXGroup section */

/* Begin PBXNativeTarget section */
		A50000000000000000000001 /* StressWatch */ = {
			isa = PBXNativeTarget;
			buildConfigurationList = A90000000000000000000002 /* Build configuration list for PBXNativeTarget "StressWatch" */;
			buildPhases = (
				A30000000000000000000002 /* Sources */,
				A30000000000000000000001 /* Frameworks */,
				A30000000000000000000003 /* Resources */,
				B30000000000000000000004 /* Embed Foundation Extensions */,
			);
			buildRules = (
			);
			dependencies = (
				B60000000000000000000002 /* PBXTargetDependency */,
			);
			name = StressWatch;
			productName = StressWatch;
			productReference = A2000000000000000000001E /* StressWatch.app */;
			productType = "com.apple.product-type.application";
		};
		B50000000000000000000001 /* StressWatchWidgetExtension */ = {
			isa = PBXNativeTarget;
			buildConfigurationList = B90000000000000000000001 /* Build configuration list for PBXNativeTarget "StressWatchWidgetExtension" */;
			buildPhases = (
				B30000000000000000000001 /* Sources */,
				B30000000000000000000002 /* Frameworks */,
				B30000000000000000000003 /* Resources */,
			);
			buildRules = (
			);
			dependencies = (
			);
			name = StressWatchWidgetExtension;
			productName = StressWatchWidgetExtension;
			productReference = B20000000000000000000003 /* StressWatchWidgetExtension.appex */;
			productType = "com.apple.product-type.app-extension";
		};
		C50000000000000000000001 /* StressWatchTests */ = {
			isa = PBXNativeTarget;
			buildConfigurationList = C90000000000000000000001 /* Build configuration list for PBXNativeTarget "StressWatchTests" */;
			buildPhases = (
				C30000000000000000000001 /* Sources */,
				C30000000000000000000002 /* Frameworks */,
				C30000000000000000000003 /* Resources */,
			);
			buildRules = (
			);
			dependencies = (
				C60000000000000000000002 /* PBXTargetDependency */,
			);
			name = StressWatchTests;
			productName = StressWatchTests;
			productReference = C20000000000000000000002 /* StressWatchTests.xctest */;
			productType = "com.apple.product-type.bundle.unit-test";
		};
/* End PBXNativeTarget section */

/* Begin PBXProject section */
		A60000000000000000000001 /* Project object */ = {
			isa = PBXProject;
			attributes = {
				BuildIndependentTargetsInParallel = 1;
				LastSwiftUpdateCheck = 1530;
				LastUpgradeCheck = 1530;
				TargetAttributes = {
					A50000000000000000000001 = {
						CreatedOnToolsVersion = 15.3;
						SystemCapabilities = {
							com.apple.ApplicationGroups.iOS = {
								enabled = 1;
							};
							com.apple.HealthKit = {
								enabled = 1;
							};
						};
					};
					B50000000000000000000001 = {
						CreatedOnToolsVersion = 15.3;
						SystemCapabilities = {
							com.apple.ApplicationGroups.iOS = {
								enabled = 1;
							};
						};
					};
					C50000000000000000000001 = {
						CreatedOnToolsVersion = 15.3;
						TestTargetID = A50000000000000000000001;
					};
				};
			};
			buildConfigurationList = A90000000000000000000001 /* Build configuration list for PBXProject "StressWatch" */;
			compatibilityVersion = "Xcode 14.0";
			developmentRegion = en;
			hasScannedForEncodings = 0;
			knownRegions = (
				en,
				Base,
			);
			mainGroup = A40000000000000000000001;
			productRefGroup = A40000000000000000000004 /* Products */;
			projectDirPath = "";
			projectRoot = "";
			targets = (
				A50000000000000000000001 /* StressWatch */,
				B50000000000000000000001 /* StressWatchWidgetExtension */,
				C50000000000000000000001 /* StressWatchTests */,
			);
		};
/* End PBXProject section */

/* Begin PBXResourcesBuildPhase section */
		A30000000000000000000003 /* Resources */ = {
			isa = PBXResourcesBuildPhase;
			buildActionMask = 2147483647;
			files = (
				A1000000000000000000002A /* Resources/Assets.xcassets in Resources */,
				A10000000000000000000040 /* Resources/ML/coreml_class_labels.json in Resources */,
				A1000000000000000000002B /* LaunchScreen.storyboard in Resources */,
			);
			runOnlyForDeploymentPostprocessing = 0;
		};
		B30000000000000000000003 /* Resources */ = {
			isa = PBXResourcesBuildPhase;
			buildActionMask = 2147483647;
			files = (
			);
			runOnlyForDeploymentPostprocessing = 0;
		};
		C30000000000000000000003 /* Resources */ = {
			isa = PBXResourcesBuildPhase;
			buildActionMask = 2147483647;
			files = (
			);
			runOnlyForDeploymentPostprocessing = 0;
		};
/* End PBXResourcesBuildPhase section */

/* Begin PBXSourcesBuildPhase section */
		A30000000000000000000002 /* Sources */ = {
			isa = PBXSourcesBuildPhase;
			buildActionMask = 2147483647;
			files = (
				FD1C877D3C2C852159FBBE4B /* CorrelationEngine.swift in Sources */,
				F83BADEEC57EFA13EC07B7D9 /* CorrelationPair.swift in Sources */,
				F7AC631F7D8ED0FCBE07C6C4 /* TrendEngine.swift in Sources */,
				F4EF90CE24890DE5684A4AF8 /* PersonalRecoveryEngine.swift in Sources */,
				F32DCB66C06E379CF52C8286 /* PersonalStressEngine.swift in Sources */,
				FCDBE625B40462EDC3528704 /* SleepQualityEngine.swift in Sources */,
				F345AF6F460732D431F56863 /* ActivityLoadEngine.swift in Sources */,
				F2AC2D4166CF5ABF3E0A2F2A /* ScoreContribution.swift in Sources */,
				F17A30D2A8BFBA0FF0B98115 /* PersonalBaselineEngine.swift in Sources */,
				F634ACC96FDEAFAE367C2570 /* PersonalBaseline.swift in Sources */,
				F52D46B59D3AAE52A232292F /* RobustStatistics.swift in Sources */,
				F8F7278FF1C55F677B994C31 /* SleepSession.swift in Sources */,
				FA1D328DB94A1F41918889B1 /* DailyMetricsAggregator.swift in Sources */,
				F33FB63E396133882D1CC867 /* MetricAggregation.swift in Sources */,
				FF1146BEBF419CE42ABC69A5 /* DailyHealthMetrics.swift in Sources */,
				A10000000000000000000001 /* App/StressWatchApp.swift in Sources */,
				A10000000000000000000002 /* Core/Models/HealthMetric.swift in Sources */,
				A10000000000000000000003 /* Core/Models/Baseline.swift in Sources */,
				A10000000000000000000004 /* Core/Models/StressScore.swift in Sources */,
				A10000000000000000000005 /* Core/Models/RecoveryScore.swift in Sources */,
				A10000000000000000000006 /* Core/HealthKit/HealthKitDataProvider.swift in Sources */,
				A10000000000000000000007 /* Core/Storage/LocalStorageProtocol.swift in Sources */,
				A10000000000000000000008 /* Core/HealthKit/HealthKitService.swift in Sources */,
				A10000000000000000000009 /* Core/HealthKit/MockHealthKitService.swift in Sources */,
				A1000000000000000000000A /* Core/Analysis/BaselineEngine.swift in Sources */,
				A1000000000000000000000B /* Core/Analysis/StressModel.swift in Sources */,
				A1000000000000000000000C /* Core/Analysis/RecoveryModel.swift in Sources */,
				A1000000000000000000000D /* Core/Storage/LocalStorage.swift in Sources */,
				A1000000000000000000000E /* Features/Dashboard/DashboardViewModel.swift in Sources */,
				A1000000000000000000000F /* Features/Trend/TrendViewModel.swift in Sources */,
				A10000000000000000000010 /* Features/Settings/SettingsViewModel.swift in Sources */,
				A10000000000000000000011 /* Features/Dashboard/Views/DashboardView.swift in Sources */,
				A10000000000000000000015 /* Features/Trend/Views/TrendView.swift in Sources */,
				A10000000000000000000016 /* Features/Trend/Components/TrendChart.swift in Sources */,
				A10000000000000000000017 /* Features/Detail/Views/MetricDetailView.swift in Sources */,
				A10000000000000000000018 /* Shared/Charts/MetricChart.swift in Sources */,
				A10000000000000000000019 /* Features/Settings/Views/SettingsView.swift in Sources */,
				A1000000000000000000001C /* Core/Utils/MathHelpers.swift in Sources */,
				A1000000000000000000001D /* Core/Extensions/DateExtensions.swift in Sources */,
				A1000000000000000000001E /* Shared/Glass/GlassCardView.swift in Sources */,
				A1000000000000000000001F /* Shared/Components/LiquidMetricCard.swift in Sources */,
				A10000000000000000000021 /* Shared/Components/GlassSectionHeader.swift in Sources */,
				A10000000000000000000022 /* Shared/Components/DataSourceBadge.swift in Sources */,
				A10000000000000000000023 /* Features/Dashboard/DashboardMetric.swift in Sources */,
				A10000000000000000000024 /* Features/Dashboard/Components/DashboardSparklineView.swift in Sources */,
				A10000000000000000000025 /* Features/Dashboard/Components/DashboardMetricCardView.swift in Sources */,
				A10000000000000000000026 /* Features/Dashboard/Components/DashboardTrendChartView.swift in Sources */,
				A10000000000000000000027 /* Shared/Theme/AppColors.swift in Sources */,
				A10000000000000000000028 /* Shared/Motion/AppMotion.swift in Sources */,
				A10000000000000000000029 /* Core/Utils/TimeFormatting.swift in Sources */,
				A1000000000000000000002C /* Shared/Components/FloatingTabBar.swift in Sources */,
				A1000000000000000000002D /* Core/Analysis/WellnessAnalysis.swift in Sources */,
				A1000000000000000000002E /* Core/Analysis/FeatureExtractor.swift in Sources */,
				A1000000000000000000002F /* Core/Analysis/WellnessAnalyzer.swift in Sources */,
				A1000000000000000000003E /* Core/Analysis/CoreMLWellnessAnalyzer.swift in Sources */,
				A1000000000000000000003F /* Resources/ML/StressWatchWellnessClassifier.mlmodel in Sources */,
				A10000000000000000000030 /* Core/Analysis/AdviceGenerator.swift in Sources */,
				A10000000000000000000031 /* Features/Analysis/AnalysisViewModel.swift in Sources */,
				A10000000000000000000032 /* Features/Analysis/Views/AnalysisView.swift in Sources */,
				A10000000000000000000033 /* Features/Dashboard/Components/DashboardHeroSection.swift in Sources */,
				A10000000000000000000034 /* Features/Dashboard/Components/DashboardAnalysisEntryCard.swift in Sources */,
				A10000000000000000000035 /* Features/Dashboard/Components/DashboardMetricNavigationCard.swift in Sources */,
				A10000000000000000000036 /* Features/Dashboard/Components/DashboardKeySignalsSection.swift in Sources */,
				A10000000000000000000037 /* Features/Dashboard/Components/DashboardDetailGridSection.swift in Sources */,
				A10000000000000000000038 /* Features/Dashboard/Components/DashboardSleepStagesSection.swift in Sources */,
				A10000000000000000000039 /* Features/Dashboard/Components/DashboardActivityContextSection.swift in Sources */,
				A1000000000000000000003A /* Core/LiveStress/LiveStressSnapshot.swift in Sources */,
				A1000000000000000000003B /* Core/LiveStress/LiveStressEstimator.swift in Sources */,
				A1000000000000000000003C /* Features/Dashboard/Views/LiveStressCard.swift in Sources */,
				A1000000000000000000003D /* Core/Models/DailyWellnessCheckIn.swift in Sources */,
				B10000000000000000000001 /* Shared/Widget/WidgetSnapshot.swift in Sources */,
				B10000000000000000000002 /* Shared/Widget/WidgetStorage.swift in Sources */,
				A10000000000000000000050 /* PersonalizationContext.swift in Sources */,
				A10000000000000000000051 /* PersonalizationEngine.swift in Sources */,
				A10000000000000000000052 /* PersonalizedAdviceGenerator.swift in Sources */,
				A10000000000000000000053 /* GoalOptimizer.swift in Sources */,
				A10000000000000000000054 /* MiniMaxClient.swift in Sources */,
				A10000000000000000000055 /* LLMPersonalizationService.swift in Sources */,
				A10000000000000000000056 /* KeychainStore.swift in Sources */,
			);
			runOnlyForDeploymentPostprocessing = 0;
		};
		B30000000000000000000001 /* Sources */ = {
			isa = PBXSourcesBuildPhase;
			buildActionMask = 2147483647;
			files = (
				B10000000000000000000003 /* Shared/Widget/WidgetSnapshot.swift in Sources */,
				B10000000000000000000004 /* Shared/Widget/WidgetStorage.swift in Sources */,
				B10000000000000000000005 /* StressWatchWidgetBundle.swift in Sources */,
				B10000000000000000000006 /* StressWatchWidget.swift in Sources */,
				B10000000000000000000007 /* WidgetEntry.swift in Sources */,
				B10000000000000000000008 /* WidgetTimelineProvider.swift in Sources */,
				B10000000000000000000009 /* WidgetColorPalette.swift in Sources */,
				B1000000000000000000000A /* SmallWidgetView.swift in Sources */,
				B1000000000000000000000B /* MediumWidgetView.swift in Sources */,
				B1000000000000000000000C /* WidgetSharedComponents.swift in Sources */,
			);
			runOnlyForDeploymentPostprocessing = 0;
		};
		C30000000000000000000001 /* Sources */ = {
			isa = PBXSourcesBuildPhase;
			buildActionMask = 2147483647;
			files = (
				F5A7D64B96E9BC00FADC5337 /* CorrelationEngineTests.swift in Sources */,
				FC3A2E3C5BBCD7490279E3BB /* TrendEngineTests.swift in Sources */,
				FF42D5BA60E66340A5666EB0 /* PersonalRecoveryEngineTests.swift in Sources */,
				FE7986CB71F8A2805B7E92EA /* PersonalStressEngineTests.swift in Sources */,
				F42879F9E7950926F29F1CAA /* SleepQualityEngineTests.swift in Sources */,
				F1AE653893A05AA6978E9DB9 /* ActivityLoadEngineTests.swift in Sources */,
				F86D8E46B307728102223035 /* DataCompletenessTests.swift in Sources */,
				FB0DA5BB8EF39244D64F54D5 /* PersonalBaselineEngineTests.swift in Sources */,
				F88F67E7B277ACA859ADC3A0 /* RobustStatisticsTests.swift in Sources */,
				F48CC9CC1FC82A0E321E8FFB /* LocalStorageTests.swift in Sources */,
				F64DA18AE196FBA1A515D047 /* SleepSessionAggregationTests.swift in Sources */,
				F2235409D21FC06183299E72 /* DailyMetricsAggregatorTests.swift in Sources */,
				F5FA704FE9BC7A3EE002C071 /* MetricAggregationTests.swift in Sources */,
				F3FF78BC410D5AF33E668731 /* DailyHealthMetricsFixture.swift in Sources */,
				FF5F736E4B7A78576734603E /* HealthMetricFixture.swift in Sources */,
				F28B49F6DE768F5A07B5CEED /* TestCalendar.swift in Sources */,
				C10000000000000000000001 /* StressWatchTests.swift in Sources */,
			);
			runOnlyForDeploymentPostprocessing = 0;
		};
/* End PBXSourcesBuildPhase section */

/* Begin PBXTargetDependency section */
		B60000000000000000000002 /* PBXTargetDependency */ = {
			isa = PBXTargetDependency;
			target = B50000000000000000000001 /* StressWatchWidgetExtension */;
			targetProxy = B60000000000000000000001 /* PBXContainerItemProxy */;
		};
		C60000000000000000000002 /* PBXTargetDependency */ = {
			isa = PBXTargetDependency;
			target = A50000000000000000000001 /* StressWatch */;
			targetProxy = C60000000000000000000001 /* PBXContainerItemProxy */;
		};
/* End PBXTargetDependency section */

/* Begin XCBuildConfiguration section */
		A70000000000000000000001 /* Debug */ = {
			isa = XCBuildConfiguration;
			buildSettings = {
				ALWAYS_SEARCH_USER_PATHS = NO;
				CLANG_ANALYZER_NONNULL = YES;
				CLANG_ANALYZER_NUMBER_OBJECT_CONVERSION = YES_AGGRESSIVE;
				CLANG_CXX_LANGUAGE_STANDARD = "gnu++20";
				CLANG_ENABLE_MODULES = YES;
				CLANG_ENABLE_OBJC_ARC = YES;
				CLANG_ENABLE_OBJC_WEAK = YES;
				CLANG_WARN_BLOCK_CAPTURE_AUTORELEASING = YES;
				CLANG_WARN_BOOL_CONVERSION = YES;
				CLANG_WARN_COMMA = YES;
				CLANG_WARN_CONSTANT_CONVERSION = YES;
				CLANG_WARN_DEPRECATED_OBJC_IMPLEMENTATIONS = YES;
				CLANG_WARN_DIRECT_OBJC_ISA_USAGE = YES_ERROR;
				CLANG_WARN_DOCUMENTATION_COMMENTS = YES;
				CLANG_WARN_EMPTY_BODY = YES;
				CLANG_WARN_ENUM_CONVERSION = YES;
				CLANG_WARN_INFINITE_RECURSION = YES;
				CLANG_WARN_INT_CONVERSION = YES;
				CLANG_WARN_NON_LITERAL_NULL_CONVERSION = YES;
				CLANG_WARN_OBJC_IMPLICIT_RETAIN_SELF = YES;
				CLANG_WARN_OBJC_LITERAL_CONVERSION = YES;
				CLANG_WARN_OBJC_ROOT_CLASS = YES_ERROR;
				CLANG_WARN_QUOTED_INCLUDE_IN_FRAMEWORK_HEADER = YES;
				CLANG_WARN_RANGE_LOOP_ANALYSIS = YES;
				CLANG_WARN_STRICT_PROTOTYPES = YES;
				CLANG_WARN_SUSPICIOUS_MOVE = YES;
				COPY_PHASE_STRIP = NO;
				DEBUG_INFORMATION_FORMAT = dwarf;
				ENABLE_STRICT_OBJC_MSGSEND = YES;
				ENABLE_TESTABILITY = YES;
				ENABLE_USER_SCRIPT_SANDBOXING = YES;
				GCC_C_LANGUAGE_STANDARD = gnu17;
				GCC_DYNAMIC_NO_PIC = NO;
				GCC_NO_COMMON_BLOCKS = YES;
				GCC_OPTIMIZATION_LEVEL = 0;
				GCC_PREPROCESSOR_DEFINITIONS = (
					"DEBUG=1",
					"$(inherited)",
				);
				GCC_WARN_64_TO_32_BIT_CONVERSION = YES;
				GCC_WARN_ABOUT_RETURN_TYPE = YES_ERROR;
				GCC_WARN_UNDECLARED_SELECTOR = YES;
				GCC_WARN_UNINITIALIZED_AUTOS = YES_AGGRESSIVE;
				GCC_WARN_UNUSED_FUNCTION = YES;
				GCC_WARN_UNUSED_VARIABLE = YES;
				IPHONEOS_DEPLOYMENT_TARGET = 16.0;
				MTL_ENABLE_DEBUG_INFO = INCLUDE_SOURCE;
				MTL_FAST_MATH = YES;
				ONLY_ACTIVE_ARCH = YES;
				SDKROOT = iphoneos;
				SWIFT_ACTIVE_COMPILATION_CONDITIONS = DEBUG;
				SWIFT_OPTIMIZATION_LEVEL = "-Onone";
			};
			name = Debug;
		};
		A70000000000000000000002 /* Release */ = {
			isa = XCBuildConfiguration;
			buildSettings = {
				ALWAYS_SEARCH_USER_PATHS = NO;
				CLANG_ANALYZER_NONNULL = YES;
				CLANG_ANALYZER_NUMBER_OBJECT_CONVERSION = YES_AGGRESSIVE;
				CLANG_CXX_LANGUAGE_STANDARD = "gnu++20";
				CLANG_ENABLE_MODULES = YES;
				CLANG_ENABLE_OBJC_ARC = YES;
				CLANG_ENABLE_OBJC_WEAK = YES;
				CLANG_WARN_BLOCK_CAPTURE_AUTORELEASING = YES;
				CLANG_WARN_BOOL_CONVERSION = YES;
				CLANG_WARN_COMMA = YES;
				CLANG_WARN_CONSTANT_CONVERSION = YES;
				CLANG_WARN_DEPRECATED_OBJC_IMPLEMENTATIONS = YES;
				CLANG_WARN_DIRECT_OBJC_ISA_USAGE = YES_ERROR;
				CLANG_WARN_DOCUMENTATION_COMMENTS = YES;
				CLANG_WARN_EMPTY_BODY = YES;
				CLANG_WARN_ENUM_CONVERSION = YES;
				CLANG_WARN_INFINITE_RECURSION = YES;
				CLANG_WARN_INT_CONVERSION = YES;
				CLANG_WARN_NON_LITERAL_NULL_CONVERSION = YES;
				CLANG_WARN_OBJC_IMPLICIT_RETAIN_SELF = YES;
				CLANG_WARN_OBJC_LITERAL_CONVERSION = YES;
				CLANG_WARN_OBJC_ROOT_CLASS = YES_ERROR;
				CLANG_WARN_QUOTED_INCLUDE_IN_FRAMEWORK_HEADER = YES;
				CLANG_WARN_RANGE_LOOP_ANALYSIS = YES;
				CLANG_WARN_STRICT_PROTOTYPES = YES;
				CLANG_WARN_SUSPICIOUS_MOVE = YES;
				COPY_PHASE_STRIP = NO;
				DEBUG_INFORMATION_FORMAT = "dwarf-with-dsym";
				ENABLE_NS_ASSERTIONS = NO;
				ENABLE_STRICT_OBJC_MSGSEND = YES;
				ENABLE_USER_SCRIPT_SANDBOXING = YES;
				GCC_C_LANGUAGE_STANDARD = gnu17;
				GCC_NO_COMMON_BLOCKS = YES;
				GCC_WARN_64_TO_32_BIT_CONVERSION = YES;
				GCC_WARN_ABOUT_RETURN_TYPE = YES_ERROR;
				GCC_WARN_UNDECLARED_SELECTOR = YES;
				GCC_WARN_UNINITIALIZED_AUTOS = YES_AGGRESSIVE;
				GCC_WARN_UNUSED_FUNCTION = YES;
				GCC_WARN_UNUSED_VARIABLE = YES;
				IPHONEOS_DEPLOYMENT_TARGET = 16.0;
				MTL_ENABLE_DEBUG_INFO = NO;
				MTL_FAST_MATH = YES;
				SDKROOT = iphoneos;
				SWIFT_COMPILATION_MODE = wholemodule;
				SWIFT_OPTIMIZATION_LEVEL = "-O";
				VALIDATE_PRODUCT = YES;
			};
			name = Release;
		};
		A80000000000000000000001 /* Debug */ = {
			isa = XCBuildConfiguration;
			buildSettings = {
				APP_GROUP_IDENTIFIER = group.com.stresswatch.h8l2cagp84;
				ASSETCATALOG_COMPILER_APPICON_NAME = AppIcon;
				ASSETCATALOG_COMPILER_GLOBAL_ACCENT_COLOR_NAME = AccentColor;
				CODE_SIGN_ENTITLEMENTS = StressWatch/StressWatch.entitlements;
				CODE_SIGN_STYLE = Automatic;
				CURRENT_PROJECT_VERSION = 1;
				DEVELOPMENT_ASSET_PATHS = "";
				DEVELOPMENT_TEAM = H8L2CAGP84;
				ENABLE_PREVIEWS = YES;
				GENERATE_INFOPLIST_FILE = NO;
				INFOPLIST_FILE = StressWatch/Info.plist;
				IPHONEOS_DEPLOYMENT_TARGET = 16.0;
				LD_RUNPATH_SEARCH_PATHS = (
					"$(inherited)",
					"@executable_path/Frameworks",
				);
				MARKETING_VERSION = 1.0;
				PRODUCT_BUNDLE_IDENTIFIER = com.stresswatch.demo;
				PRODUCT_NAME = "$(TARGET_NAME)";
				SUPPORTED_PLATFORMS = "iphoneos iphonesimulator";
				SUPPORTS_MACCATALYST = NO;
				SUPPORTS_MAC_DESIGNED_FOR_IPHONE_IPAD = NO;
				SWIFT_EMIT_LOC_STRINGS = YES;
				SWIFT_VERSION = 5.0;
				TARGETED_DEVICE_FAMILY = "1,2";
			};
			name = Debug;
		};
		A80000000000000000000002 /* Release */ = {
			isa = XCBuildConfiguration;
			buildSettings = {
				APP_GROUP_IDENTIFIER = group.com.stresswatch.h8l2cagp84;
				ASSETCATALOG_COMPILER_APPICON_NAME = AppIcon;
				ASSETCATALOG_COMPILER_GLOBAL_ACCENT_COLOR_NAME = AccentColor;
				CODE_SIGN_ENTITLEMENTS = StressWatch/StressWatch.entitlements;
				CODE_SIGN_STYLE = Automatic;
				CURRENT_PROJECT_VERSION = 1;
				DEVELOPMENT_ASSET_PATHS = "";
				DEVELOPMENT_TEAM = H8L2CAGP84;
				ENABLE_PREVIEWS = YES;
				GENERATE_INFOPLIST_FILE = NO;
				INFOPLIST_FILE = StressWatch/Info.plist;
				IPHONEOS_DEPLOYMENT_TARGET = 16.0;
				LD_RUNPATH_SEARCH_PATHS = (
					"$(inherited)",
					"@executable_path/Frameworks",
				);
				MARKETING_VERSION = 1.0;
				PRODUCT_BUNDLE_IDENTIFIER = com.stresswatch.demo;
				PRODUCT_NAME = "$(TARGET_NAME)";
				SUPPORTED_PLATFORMS = "iphoneos iphonesimulator";
				SUPPORTS_MACCATALYST = NO;
				SUPPORTS_MAC_DESIGNED_FOR_IPHONE_IPAD = NO;
				SWIFT_EMIT_LOC_STRINGS = YES;
				SWIFT_VERSION = 5.0;
				TARGETED_DEVICE_FAMILY = "1,2";
			};
			name = Release;
		};
		B80000000000000000000001 /* Debug */ = {
			isa = XCBuildConfiguration;
			buildSettings = {
				APPLICATION_EXTENSION_API_ONLY = YES;
				APP_GROUP_IDENTIFIER = group.com.stresswatch.h8l2cagp84;
				CODE_SIGN_ENTITLEMENTS = StressWatchWidgetExtension/StressWatchWidgetExtension.entitlements;
				CODE_SIGN_STYLE = Automatic;
				CURRENT_PROJECT_VERSION = 1;
				DEVELOPMENT_TEAM = H8L2CAGP84;
				ENABLE_PREVIEWS = YES;
				GENERATE_INFOPLIST_FILE = NO;
				INFOPLIST_FILE = StressWatchWidgetExtension/Info.plist;
				IPHONEOS_DEPLOYMENT_TARGET = 16.0;
				LD_RUNPATH_SEARCH_PATHS = (
					"$(inherited)",
					"@executable_path/Frameworks",
					"@executable_path/../../Frameworks",
				);
				MARKETING_VERSION = 1.0;
				PRODUCT_BUNDLE_IDENTIFIER = com.stresswatch.demo.StressWatchWidgetExtension;
				PRODUCT_NAME = "$(TARGET_NAME)";
				SKIP_INSTALL = YES;
				SUPPORTED_PLATFORMS = "iphoneos iphonesimulator";
				SUPPORTS_MACCATALYST = NO;
				SUPPORTS_MAC_DESIGNED_FOR_IPHONE_IPAD = NO;
				SWIFT_EMIT_LOC_STRINGS = YES;
				SWIFT_VERSION = 5.0;
				TARGETED_DEVICE_FAMILY = "1,2";
			};
			name = Debug;
		};
		B80000000000000000000002 /* Release */ = {
			isa = XCBuildConfiguration;
			buildSettings = {
				APPLICATION_EXTENSION_API_ONLY = YES;
				APP_GROUP_IDENTIFIER = group.com.stresswatch.h8l2cagp84;
				CODE_SIGN_ENTITLEMENTS = StressWatchWidgetExtension/StressWatchWidgetExtension.entitlements;
				CODE_SIGN_STYLE = Automatic;
				CURRENT_PROJECT_VERSION = 1;
				DEVELOPMENT_TEAM = H8L2CAGP84;
				ENABLE_PREVIEWS = YES;
				GENERATE_INFOPLIST_FILE = NO;
				INFOPLIST_FILE = StressWatchWidgetExtension/Info.plist;
				IPHONEOS_DEPLOYMENT_TARGET = 16.0;
				LD_RUNPATH_SEARCH_PATHS = (
					"$(inherited)",
					"@executable_path/Frameworks",
					"@executable_path/../../Frameworks",
				);
				MARKETING_VERSION = 1.0;
				PRODUCT_BUNDLE_IDENTIFIER = com.stresswatch.demo.StressWatchWidgetExtension;
				PRODUCT_NAME = "$(TARGET_NAME)";
				SKIP_INSTALL = YES;
				SUPPORTED_PLATFORMS = "iphoneos iphonesimulator";
				SUPPORTS_MACCATALYST = NO;
				SUPPORTS_MAC_DESIGNED_FOR_IPHONE_IPAD = NO;
				SWIFT_EMIT_LOC_STRINGS = YES;
				SWIFT_VERSION = 5.0;
				TARGETED_DEVICE_FAMILY = "1,2";
			};
			name = Release;
		};
		C80000000000000000000001 /* Debug */ = {
			isa = XCBuildConfiguration;
			buildSettings = {
				CODE_SIGN_STYLE = Automatic;
				CURRENT_PROJECT_VERSION = 1;
				DEVELOPMENT_TEAM = H8L2CAGP84;
				GENERATE_INFOPLIST_FILE = YES;
				IPHONEOS_DEPLOYMENT_TARGET = 16.0;
				LD_RUNPATH_SEARCH_PATHS = (
					"$(inherited)",
					"@executable_path/Frameworks",
					"@loader_path/Frameworks",
				);
				MARKETING_VERSION = 1.0;
				PRODUCT_BUNDLE_IDENTIFIER = com.stresswatch.demo.StressWatchTests;
				PRODUCT_NAME = "$(TARGET_NAME)";
				SUPPORTED_PLATFORMS = "iphoneos iphonesimulator";
				SWIFT_EMIT_LOC_STRINGS = YES;
				SWIFT_VERSION = 5.0;
				TARGETED_DEVICE_FAMILY = "1,2";
				TEST_HOST = "$(BUILT_PRODUCTS_DIR)/StressWatch.app/$(BUNDLE_EXECUTABLE_FOLDER_PATH)/StressWatch";
				BUNDLE_LOADER = "$(TEST_HOST)";
			};
			name = Debug;
		};
		C80000000000000000000002 /* Release */ = {
			isa = XCBuildConfiguration;
			buildSettings = {
				CODE_SIGN_STYLE = Automatic;
				CURRENT_PROJECT_VERSION = 1;
				DEVELOPMENT_TEAM = H8L2CAGP84;
				GENERATE_INFOPLIST_FILE = YES;
				IPHONEOS_DEPLOYMENT_TARGET = 16.0;
				LD_RUNPATH_SEARCH_PATHS = (
					"$(inherited)",
					"@executable_path/Frameworks",
					"@loader_path/Frameworks",
				);
				MARKETING_VERSION = 1.0;
				PRODUCT_BUNDLE_IDENTIFIER = com.stresswatch.demo.StressWatchTests;
				PRODUCT_NAME = "$(TARGET_NAME)";
				SUPPORTED_PLATFORMS = "iphoneos iphonesimulator";
				SWIFT_EMIT_LOC_STRINGS = YES;
				SWIFT_VERSION = 5.0;
				TARGETED_DEVICE_FAMILY = "1,2";
				TEST_HOST = "$(BUILT_PRODUCTS_DIR)/StressWatch.app/$(BUNDLE_EXECUTABLE_FOLDER_PATH)/StressWatch";
				BUNDLE_LOADER = "$(TEST_HOST)";
			};
			name = Release;
		};
/* End XCBuildConfiguration section */

/* Begin XCConfigurationList section */
		A90000000000000000000001 /* Build configuration list for PBXProject "StressWatch" */ = {
			isa = XCConfigurationList;
			buildConfigurations = (
				A70000000000000000000001 /* Debug */,
				A70000000000000000000002 /* Release */,
			);
			defaultConfigurationIsVisible = 0;
			defaultConfigurationName = Release;
		};
		A90000000000000000000002 /* Build configuration list for PBXNativeTarget "StressWatch" */ = {
			isa = XCConfigurationList;
			buildConfigurations = (
				A80000000000000000000001 /* Debug */,
				A80000000000000000000002 /* Release */,
			);
			defaultConfigurationIsVisible = 0;
			defaultConfigurationName = Release;
		};
		B90000000000000000000001 /* Build configuration list for PBXNativeTarget "StressWatchWidgetExtension" */ = {
			isa = XCConfigurationList;
			buildConfigurations = (
				B80000000000000000000001 /* Debug */,
				B80000000000000000000002 /* Release */,
			);
			defaultConfigurationIsVisible = 0;
			defaultConfigurationName = Release;
		};
		C90000000000000000000001 /* Build configuration list for PBXNativeTarget "StressWatchTests" */ = {
			isa = XCConfigurationList;
			buildConfigurations = (
				C80000000000000000000001 /* Debug */,
				C80000000000000000000002 /* Release */,
			);
			defaultConfigurationIsVisible = 0;
			defaultConfigurationName = Release;
		};
/* End XCConfigurationList section */
	};
	rootObject = A60000000000000000000001 /* Project object */;
}
